// !$*UTF8*$!
{
	archiveVersion = 1;
	classes = {
	};
	objectVersion = 51;
	objects = {

/* Begin PBXBuildFile section */
		130534192364210D00E4F016 /* MedicalDirectives.json in Resources */ = {isa = PBXBuildFile; fileRef = 130534182364210D00E4F016 /* MedicalDirectives.json */; };
		13069D3E22EB48FA00AA8F24 /* DataModel.xcdatamodeld in Sources */ = {isa = PBXBuildFile; fileRef = 13069D3C22EB48FA00AA8F24 /* DataModel.xcdatamodeld */; };
		13069D4022EB52AA00AA8F24 /* TreatmentCardButton.swift in Sources */ = {isa = PBXBuildFile; fileRef = 13069D3F22EB52AA00AA8F24 /* TreatmentCardButton.swift */; };
		1309D7BF228CC584005F8D40 /* DrugMonographViewController.swift in Sources */ = {isa = PBXBuildFile; fileRef = 1309D7BE228CC584005F8D40 /* DrugMonographViewController.swift */; };
		1309D7C1228CC9F3005F8D40 /* DrugLibrary.json in Resources */ = {isa = PBXBuildFile; fileRef = 1309D7C0228CC9F3005F8D40 /* DrugLibrary.json */; };
		131142A62285ECA100BD65C0 /* DataManager.swift in Sources */ = {isa = PBXBuildFile; fileRef = 131142A52285ECA100BD65C0 /* DataManager.swift */; };
		131812CD242FB1B500767AEE /* WebKit.framework in Frameworks */ = {isa = PBXBuildFile; fileRef = 131812CC242FB1B500767AEE /* WebKit.framework */; };
		131894CE234E0BCB00DC307D /* MixingCalculatorView.xib in Resources */ = {isa = PBXBuildFile; fileRef = 131894CC234E0BCB00DC307D /* MixingCalculatorView.xib */; };
		131B96B322D8B4AB00D9A64F /* UIStackViewExtension.swift in Sources */ = {isa = PBXBuildFile; fileRef = 131B96B222D8B4AB00D9A64F /* UIStackViewExtension.swift */; };
		131B96C122E0FD2700D9A64F /* ClosedRangeExtension.swift in Sources */ = {isa = PBXBuildFile; fileRef = 131B96C022E0FD2700D9A64F /* ClosedRangeExtension.swift */; };
		132F1BE2230D953E0071ADFF /* TODO List in Resources */ = {isa = PBXBuildFile; fileRef = 132F1BE1230D953E0071ADFF /* TODO List */; };
		1344B2FE229100EC00E08C63 /* DirectiveFlowChartViewController.swift in Sources */ = {isa = PBXBuildFile; fileRef = 1344B2FD229100EC00E08C63 /* DirectiveFlowChartViewController.swift */; };
		1346EAE323AE7D9200992D6A /* preamble_signatures.png in Resources */ = {isa = PBXBuildFile; fileRef = 1346EAE223AE7D9200992D6A /* preamble_signatures.png */; };
		134789FC23257AA20081E865 /* FlowChart.swift in Sources */ = {isa = PBXBuildFile; fileRef = 134789FB23257AA20081E865 /* FlowChart.swift */; };
		134789FE23257B990081E865 /* FlowChartLibrary.json in Resources */ = {isa = PBXBuildFile; fileRef = 134789FD23257B990081E865 /* FlowChartLibrary.json */; };
		13478A02232747F80081E865 /* String+HTML.swift in Sources */ = {isa = PBXBuildFile; fileRef = 13478A01232747F80081E865 /* String+HTML.swift */; };
		1354E91E23DB297A00897B61 /* DisclaimerViewController.swift in Sources */ = {isa = PBXBuildFile; fileRef = 1354E91D23DB297A00897B61 /* DisclaimerViewController.swift */; };
		135C05C8228A1EA500F7B6CF /* MedicalDirectiveViewController.swift in Sources */ = {isa = PBXBuildFile; fileRef = 135C05C7228A1EA500F7B6CF /* MedicalDirectiveViewController.swift */; };
		135D4A9F23156673006C660C /* MenuData_P.json in Resources */ = {isa = PBXBuildFile; fileRef = 135D4A9D23156673006C660C /* MenuData_P.json */; };
		1368DA6B238332FC003A7144 /* WebViewController.swift in Sources */ = {isa = PBXBuildFile; fileRef = 1368DA6A238332FC003A7144 /* WebViewController.swift */; };
		1368DA6E23833455003A7144 /* Executive Airway Summary.html in Resources */ = {isa = PBXBuildFile; fileRef = 1368DA6D23833455003A7144 /* Executive Airway Summary.html */; };
		1368DA822385609C003A7144 /* Adult - Clinical Practice - Asthma.html in Resources */ = {isa = PBXBuildFile; fileRef = 1368DA812385609C003A7144 /* Adult - Clinical Practice - Asthma.html */; };
		1368DA86238C2F13003A7144 /* PaddingLabel.swift in Sources */ = {isa = PBXBuildFile; fileRef = 1368DA85238C2F13003A7144 /* PaddingLabel.swift */; };
		1380D49C2421234D00E88644 /* DocumentTableLayout.swift in Sources */ = {isa = PBXBuildFile; fileRef = 1380D49B2421234D00E88644 /* DocumentTableLayout.swift */; };
		138F077524E413C700410D0D /* UIFont.swift in Sources */ = {isa = PBXBuildFile; fileRef = 138F077424E413C700410D0D /* UIFont.swift */; };
		138F07BB24E44A9D00410D0D /* MinionPro-BoldCnSubh.otf in Resources */ = {isa = PBXBuildFile; fileRef = 138F077A24E44A9D00410D0D /* MinionPro-BoldCnSubh.otf */; };
		138F07BC24E44A9D00410D0D /* MinionPro-MediumSubh.otf in Resources */ = {isa = PBXBuildFile; fileRef = 138F077B24E44A9D00410D0D /* MinionPro-MediumSubh.otf */; };
		138F07BD24E44A9D00410D0D /* MinionPro-SemiboldDisp.otf in Resources */ = {isa = PBXBuildFile; fileRef = 138F077C24E44A9D00410D0D /* MinionPro-SemiboldDisp.otf */; };
		138F07BE24E44A9D00410D0D /* MinionPro-BoldItDisp.otf in Resources */ = {isa = PBXBuildFile; fileRef = 138F077D24E44A9D00410D0D /* MinionPro-BoldItDisp.otf */; };
		138F07BF24E44A9D00410D0D /* MinionPro-MediumCnSubh.otf in Resources */ = {isa = PBXBuildFile; fileRef = 138F077E24E44A9D00410D0D /* MinionPro-MediumCnSubh.otf */; };
		138F07C024E44A9D00410D0D /* MinionPro-BoldCnIt.otf in Resources */ = {isa = PBXBuildFile; fileRef = 138F077F24E44A9D00410D0D /* MinionPro-BoldCnIt.otf */; };
		138F07C124E44A9D00410D0D /* MinionPro-CnItSubh.otf in Resources */ = {isa = PBXBuildFile; fileRef = 138F078024E44A9D00410D0D /* MinionPro-CnItSubh.otf */; };
		138F07C224E44A9D00410D0D /* MinionPro-MediumItDisp.otf in Resources */ = {isa = PBXBuildFile; fileRef = 138F078124E44A9D00410D0D /* MinionPro-MediumItDisp.otf */; };
		138F07C324E44A9D00410D0D /* MinionPro-SemiboldCnCapt.otf in Resources */ = {isa = PBXBuildFile; fileRef = 138F078224E44A9D00410D0D /* MinionPro-SemiboldCnCapt.otf */; };
		138F07C424E44A9D00410D0D /* MinionPro-It.otf in Resources */ = {isa = PBXBuildFile; fileRef = 138F078324E44A9D00410D0D /* MinionPro-It.otf */; };
		138F07C524E44A9D00410D0D /* MinionPro-SemiboldCnItDisp.otf in Resources */ = {isa = PBXBuildFile; fileRef = 138F078424E44A9D00410D0D /* MinionPro-SemiboldCnItDisp.otf */; };
		138F07C624E44A9D00410D0D /* MinionPro-CnIt.otf in Resources */ = {isa = PBXBuildFile; fileRef = 138F078524E44A9D00410D0D /* MinionPro-CnIt.otf */; };
		138F07C724E44A9D00410D0D /* MinionPro-MediumIt.otf in Resources */ = {isa = PBXBuildFile; fileRef = 138F078624E44A9D00410D0D /* MinionPro-MediumIt.otf */; };
		138F07C824E44A9D00410D0D /* MinionPro-BoldCnItSubh.otf in Resources */ = {isa = PBXBuildFile; fileRef = 138F078724E44A9D00410D0D /* MinionPro-BoldCnItSubh.otf */; };
		138F07C924E44A9D00410D0D /* MinionPro-SemiboldCn.otf in Resources */ = {isa = PBXBuildFile; fileRef = 138F078824E44A9D00410D0D /* MinionPro-SemiboldCn.otf */; };
		138F07CA24E44A9D00410D0D /* MinionPro-CnSubh.otf in Resources */ = {isa = PBXBuildFile; fileRef = 138F078924E44A9D00410D0D /* MinionPro-CnSubh.otf */; };
		138F07CB24E44A9D00410D0D /* MinionPro-SemiboldCnSubh.otf in Resources */ = {isa = PBXBuildFile; fileRef = 138F078A24E44A9D00410D0D /* MinionPro-SemiboldCnSubh.otf */; };
		138F07CC24E44A9D00410D0D /* MinionPro-SemiboldItDisp.otf in Resources */ = {isa = PBXBuildFile; fileRef = 138F078B24E44A9D00410D0D /* MinionPro-SemiboldItDisp.otf */; };
		138F07CD24E44A9D00410D0D /* MinionPro-ItDisp.otf in Resources */ = {isa = PBXBuildFile; fileRef = 138F078C24E44A9D00410D0D /* MinionPro-ItDisp.otf */; };
		138F07CE24E44A9D00410D0D /* MinionPro-MediumCnItDisp.otf in Resources */ = {isa = PBXBuildFile; fileRef = 138F078D24E44A9D00410D0D /* MinionPro-MediumCnItDisp.otf */; };
		138F07CF24E44A9D00410D0D /* MinionPro-BoldCnItCapt.otf in Resources */ = {isa = PBXBuildFile; fileRef = 138F078E24E44A9D00410D0D /* MinionPro-BoldCnItCapt.otf */; };
		138F07D024E44A9D00410D0D /* MinionPro-Disp.otf in Resources */ = {isa = PBXBuildFile; fileRef = 138F078F24E44A9D00410D0D /* MinionPro-Disp.otf */; };
		138F07D124E44A9D00410D0D /* MinionPro-MediumCapt.otf in Resources */ = {isa = PBXBuildFile; fileRef = 138F079024E44A9D00410D0D /* MinionPro-MediumCapt.otf */; };
		138F07D224E44A9D00410D0D /* MinionPro-SemiboldCnIt.otf in Resources */ = {isa = PBXBuildFile; fileRef = 138F079124E44A9D00410D0D /* MinionPro-SemiboldCnIt.otf */; };
		138F07D324E44A9D00410D0D /* MinionPro-BoldCnCapt.otf in Resources */ = {isa = PBXBuildFile; fileRef = 138F079224E44A9D00410D0D /* MinionPro-BoldCnCapt.otf */; };
		138F07D424E44A9D00410D0D /* MinionPro-CnItCapt.otf in Resources */ = {isa = PBXBuildFile; fileRef = 138F079324E44A9D00410D0D /* MinionPro-CnItCapt.otf */; };
		138F07D524E44A9D00410D0D /* MinionPro-BoldDisp.otf in Resources */ = {isa = PBXBuildFile; fileRef = 138F079424E44A9D00410D0D /* MinionPro-BoldDisp.otf */; };
		138F07D624E44A9D00410D0D /* MinionPro-Bold.otf in Resources */ = {isa = PBXBuildFile; fileRef = 138F079524E44A9D00410D0D /* MinionPro-Bold.otf */; };
		138F07D724E44A9D00410D0D /* MinionPro-BoldCn.otf in Resources */ = {isa = PBXBuildFile; fileRef = 138F079624E44A9D00410D0D /* MinionPro-BoldCn.otf */; };
		138F07D824E44A9D00410D0D /* MinionPro-MediumCnCapt.otf in Resources */ = {isa = PBXBuildFile; fileRef = 138F079724E44A9D00410D0D /* MinionPro-MediumCnCapt.otf */; };
		138F07D924E44A9D00410D0D /* MinionPro-SemiboldItCapt.otf in Resources */ = {isa = PBXBuildFile; fileRef = 138F079824E44A9D00410D0D /* MinionPro-SemiboldItCapt.otf */; };
		138F07DA24E44A9D00410D0D /* MinionPro-ItCapt.otf in Resources */ = {isa = PBXBuildFile; fileRef = 138F079924E44A9D00410D0D /* MinionPro-ItCapt.otf */; };
		138F07DB24E44A9D00410D0D /* MinionPro-MediumCnItCapt.otf in Resources */ = {isa = PBXBuildFile; fileRef = 138F079A24E44A9D00410D0D /* MinionPro-MediumCnItCapt.otf */; };
		138F07DC24E44A9D00410D0D /* MinionPro-MediumCn.otf in Resources */ = {isa = PBXBuildFile; fileRef = 138F079B24E44A9D00410D0D /* MinionPro-MediumCn.otf */; };
		138F07DD24E44A9D00410D0D /* MinionPro-Cn.otf in Resources */ = {isa = PBXBuildFile; fileRef = 138F079C24E44A9D00410D0D /* MinionPro-Cn.otf */; };
		138F07DE24E44A9D00410D0D /* MinionPro-SemiboldCnItSubh.otf in Resources */ = {isa = PBXBuildFile; fileRef = 138F079D24E44A9D00410D0D /* MinionPro-SemiboldCnItSubh.otf */; };
		138F07DF24E44A9D00410D0D /* MinionPro-BoldCnItDisp.otf in Resources */ = {isa = PBXBuildFile; fileRef = 138F079E24E44A9D00410D0D /* MinionPro-BoldCnItDisp.otf */; };
		138F07E024E44A9D00410D0D /* MinionPro-Capt.otf in Resources */ = {isa = PBXBuildFile; fileRef = 138F079F24E44A9D00410D0D /* MinionPro-Capt.otf */; };
		138F07E124E44A9D00410D0D /* MinionPro-Regular.otf in Resources */ = {isa = PBXBuildFile; fileRef = 138F07A024E44A9D00410D0D /* MinionPro-Regular.otf */; };
		138F07E224E44A9D00410D0D /* MinionPro-Semibold.otf in Resources */ = {isa = PBXBuildFile; fileRef = 138F07A124E44A9D00410D0D /* MinionPro-Semibold.otf */; };
		138F07E324E44A9D00410D0D /* MinionPro-BoldCnDisp.otf in Resources */ = {isa = PBXBuildFile; fileRef = 138F07A224E44A9D00410D0D /* MinionPro-BoldCnDisp.otf */; };
		138F07E424E44A9D00410D0D /* MinionPro-SemiboldSubh.otf in Resources */ = {isa = PBXBuildFile; fileRef = 138F07A324E44A9D00410D0D /* MinionPro-SemiboldSubh.otf */; };
		138F07E524E44A9D00410D0D /* MinionPro-BoldItSubh.otf in Resources */ = {isa = PBXBuildFile; fileRef = 138F07A424E44A9D00410D0D /* MinionPro-BoldItSubh.otf */; };
		138F07E624E44A9D00410D0D /* MinionPro-MediumDisp.otf in Resources */ = {isa = PBXBuildFile; fileRef = 138F07A524E44A9D00410D0D /* MinionPro-MediumDisp.otf */; };
		138F07E724E44A9D00410D0D /* MinionPro-MediumCnDisp.otf in Resources */ = {isa = PBXBuildFile; fileRef = 138F07A624E44A9D00410D0D /* MinionPro-MediumCnDisp.otf */; };
		138F07E824E44A9D00410D0D /* MinionPro-MediumItSubh.otf in Resources */ = {isa = PBXBuildFile; fileRef = 138F07A724E44A9D00410D0D /* MinionPro-MediumItSubh.otf */; };
		138F07E924E44A9D00410D0D /* MinionPro-CnItDisp.otf in Resources */ = {isa = PBXBuildFile; fileRef = 138F07A824E44A9D00410D0D /* MinionPro-CnItDisp.otf */; };
		138F07EA24E44A9D00410D0D /* MinionPro-BoldCapt.otf in Resources */ = {isa = PBXBuildFile; fileRef = 138F07A924E44A9D00410D0D /* MinionPro-BoldCapt.otf */; };
		138F07EB24E44A9D00410D0D /* MinionPro-BoldIt.otf in Resources */ = {isa = PBXBuildFile; fileRef = 138F07AA24E44A9D00410D0D /* MinionPro-BoldIt.otf */; };
		138F07EC24E44A9D00410D0D /* MinionPro-BoldItCapt.otf in Resources */ = {isa = PBXBuildFile; fileRef = 138F07AB24E44A9D00410D0D /* MinionPro-BoldItCapt.otf */; };
		138F07ED24E44A9D00410D0D /* MinionPro-SemiboldCapt.otf in Resources */ = {isa = PBXBuildFile; fileRef = 138F07AC24E44A9D00410D0D /* MinionPro-SemiboldCapt.otf */; };
		138F07EE24E44A9D00410D0D /* minionproboldcndisp.png in Resources */ = {isa = PBXBuildFile; fileRef = 138F07AD24E44A9D00410D0D /* minionproboldcndisp.png */; };
		138F07EF24E44A9D00410D0D /* MinionPro-MediumCnIt.otf in Resources */ = {isa = PBXBuildFile; fileRef = 138F07AE24E44A9D00410D0D /* MinionPro-MediumCnIt.otf */; };
		138F07F024E44A9D00410D0D /* MinionPro-Medium.otf in Resources */ = {isa = PBXBuildFile; fileRef = 138F07AF24E44A9D00410D0D /* MinionPro-Medium.otf */; };
		138F07F124E44A9D00410D0D /* MinionPro-BoldSubh.otf in Resources */ = {isa = PBXBuildFile; fileRef = 138F07B024E44A9D00410D0D /* MinionPro-BoldSubh.otf */; };
		138F07F224E44A9D00410D0D /* MinionPro-MediumItCapt.otf in Resources */ = {isa = PBXBuildFile; fileRef = 138F07B124E44A9D00410D0D /* MinionPro-MediumItCapt.otf */; };
		138F07F424E44A9D00410D0D /* MinionPro-SemiboldCnDisp.otf in Resources */ = {isa = PBXBuildFile; fileRef = 138F07B324E44A9D00410D0D /* MinionPro-SemiboldCnDisp.otf */; };
		138F07F524E44A9D00410D0D /* MinionPro-CnDisp.otf in Resources */ = {isa = PBXBuildFile; fileRef = 138F07B424E44A9D00410D0D /* MinionPro-CnDisp.otf */; };
		138F07F624E44A9D00410D0D /* MinionPro-ItSubh.otf in Resources */ = {isa = PBXBuildFile; fileRef = 138F07B524E44A9D00410D0D /* MinionPro-ItSubh.otf */; };
		138F07F724E44A9D00410D0D /* MinionPro-MediumCnItSubh.otf in Resources */ = {isa = PBXBuildFile; fileRef = 138F07B624E44A9D00410D0D /* MinionPro-MediumCnItSubh.otf */; };
		138F07F824E44A9D00410D0D /* MinionPro-SemiboldItSubh.otf in Resources */ = {isa = PBXBuildFile; fileRef = 138F07B724E44A9D00410D0D /* MinionPro-SemiboldItSubh.otf */; };
		138F07F924E44A9D00410D0D /* MinionPro-Subh.otf in Resources */ = {isa = PBXBuildFile; fileRef = 138F07B824E44A9D00410D0D /* MinionPro-Subh.otf */; };
		138F07FA24E44A9D00410D0D /* MinionPro-SemiboldCnItCapt.otf in Resources */ = {isa = PBXBuildFile; fileRef = 138F07B924E44A9D00410D0D /* MinionPro-SemiboldCnItCapt.otf */; };
		138F07FB24E44A9D00410D0D /* MinionPro-SemiboldIt.otf in Resources */ = {isa = PBXBuildFile; fileRef = 138F07BA24E44A9D00410D0D /* MinionPro-SemiboldIt.otf */; };
		138F080324E44BDF00410D0D /* FrutigerLTStd-Black.otf in Resources */ = {isa = PBXBuildFile; fileRef = 138F07FE24E44BDF00410D0D /* FrutigerLTStd-Black.otf */; };
		138F080524E44BDF00410D0D /* FrutigerLTStd-Italic.otf in Resources */ = {isa = PBXBuildFile; fileRef = 138F080024E44BDF00410D0D /* FrutigerLTStd-Italic.otf */; };
		138F080624E44BDF00410D0D /* FrutigerLTStd-Roman.otf in Resources */ = {isa = PBXBuildFile; fileRef = 138F080124E44BDF00410D0D /* FrutigerLTStd-Roman.otf */; };
		138F080A24E44FE400410D0D /* FrutigerLTStd-Bold.otf in Resources */ = {isa = PBXBuildFile; fileRef = 138F080924E44FC000410D0D /* FrutigerLTStd-Bold.otf */; };
		138F080B24E44FE400410D0D /* FrutigerLTStd-CnBold.otf in Resources */ = {isa = PBXBuildFile; fileRef = 138F080824E44FC000410D0D /* FrutigerLTStd-CnBold.otf */; };
		139BF3DB22849C7400D25766 /* AppDelegate.swift in Sources */ = {isa = PBXBuildFile; fileRef = 139BF3DA22849C7400D25766 /* AppDelegate.swift */; };
		139BF3DD22849C7400D25766 /* MenuViewController.swift in Sources */ = {isa = PBXBuildFile; fileRef = 139BF3DC22849C7400D25766 /* MenuViewController.swift */; };
		139BF3E022849C7400D25766 /* Main.storyboard in Resources */ = {isa = PBXBuildFile; fileRef = 139BF3DE22849C7400D25766 /* Main.storyboard */; };
		139BF3E522849C7500D25766 /* LaunchScreen.storyboard in Resources */ = {isa = PBXBuildFile; fileRef = 139BF3E322849C7500D25766 /* LaunchScreen.storyboard */; };
		139FF61B23C8F7BC00B57A68 /* Adult - Clinical Practice Guidelines - Mechanical Ventilation.html in Resources */ = {isa = PBXBuildFile; fileRef = 139FF61A23C8F7BC00B57A68 /* Adult - Clinical Practice Guidelines - Mechanical Ventilation.html */; };
		13B6817323155FC3003EA3D7 /* Assets.xcassets in Resources */ = {isa = PBXBuildFile; fileRef = 13B6817223155FC3003EA3D7 /* Assets.xcassets */; };
		13BF742F22B6647B00145035 /* Podfile in Resources */ = {isa = PBXBuildFile; fileRef = 13BF742E22B6647B00145035 /* Podfile */; };
		13C3C30722ECAADE002F5344 /* EditNotesTableViewController.swift in Sources */ = {isa = PBXBuildFile; fileRef = 13C3C30622ECAADE002F5344 /* EditNotesTableViewController.swift */; };
		13C3C30922EF355E002F5344 /* DrugCalculatorViewController.swift in Sources */ = {isa = PBXBuildFile; fileRef = 13C3C30822EF355E002F5344 /* DrugCalculatorViewController.swift */; };
		13C662EA22AD4EA200FB9A63 /* Drugs.swift in Sources */ = {isa = PBXBuildFile; fileRef = 13C662E922AD4EA200FB9A63 /* Drugs.swift */; };
		13C662EC22AD4F0300FB9A63 /* Pages.swift in Sources */ = {isa = PBXBuildFile; fileRef = 13C662EB22AD4F0300FB9A63 /* Pages.swift */; };
		13C662EE22AEB09800FB9A63 /* MedicalDirective.swift in Sources */ = {isa = PBXBuildFile; fileRef = 13C662ED22AEB09800FB9A63 /* MedicalDirective.swift */; };
		13C662F622B3FD6400FB9A63 /* VentToolViewController.swift in Sources */ = {isa = PBXBuildFile; fileRef = 13C662F522B3FD6400FB9A63 /* VentToolViewController.swift */; };
		13C7BDDC228C36D900D33B76 /* MedicalDirectiveView.swift in Sources */ = {isa = PBXBuildFile; fileRef = 13C7BDDA228C36D900D33B76 /* MedicalDirectiveView.swift */; };
		13C7BDDD228C36D900D33B76 /* MedicalDirectiveView.xib in Resources */ = {isa = PBXBuildFile; fileRef = 13C7BDDB228C36D900D33B76 /* MedicalDirectiveView.xib */; };
		13C7BDE0228C6C0400D33B76 /* UIColorExtension.swift in Sources */ = {isa = PBXBuildFile; fileRef = 13C7BDDF228C6C0400D33B76 /* UIColorExtension.swift */; };
		13DBB9BF22B674C400E4CE11 /* MixingCalculatorView.swift in Sources */ = {isa = PBXBuildFile; fileRef = 13DBB9BE22B674C400E4CE11 /* MixingCalculatorView.swift */; };
		13DBB9C122B8029A00E4CE11 /* SettingsViewController.swift in Sources */ = {isa = PBXBuildFile; fileRef = 13DBB9C022B8029A00E4CE11 /* SettingsViewController.swift */; };
		13DBB9C322B802B300E4CE11 /* Menus.swift in Sources */ = {isa = PBXBuildFile; fileRef = 13DBB9C222B802B300E4CE11 /* Menus.swift */; };
		13E3C48323917306001C3F08 /* Controlled Intubation Checklist.html in Resources */ = {isa = PBXBuildFile; fileRef = 13E3C48223917306001C3F08 /* Controlled Intubation Checklist.html */; };
		13E3C48523917829001C3F08 /* Ornge Airway Manual Executive Summary.html in Resources */ = {isa = PBXBuildFile; fileRef = 13E3C48423917829001C3F08 /* Ornge Airway Manual Executive Summary.html */; };
		13E3C48A2392B815001C3F08 /* adult_airway_patient_positioning.png in Resources */ = {isa = PBXBuildFile; fileRef = 13E3C4862392B815001C3F08 /* adult_airway_patient_positioning.png */; };
		13E3C48B2392B815001C3F08 /* adult_airway_post_checklist.png in Resources */ = {isa = PBXBuildFile; fileRef = 13E3C4872392B815001C3F08 /* adult_airway_post_checklist.png */; };
		13E3C48C2392B815001C3F08 /* adult_airway_team_positioning.png in Resources */ = {isa = PBXBuildFile; fileRef = 13E3C4882392B815001C3F08 /* adult_airway_team_positioning.png */; };
		13E3C48D2392B815001C3F08 /* adult_airway_checklist.png in Resources */ = {isa = PBXBuildFile; fileRef = 13E3C4892392B815001C3F08 /* adult_airway_checklist.png */; };
		13E3C48F2392BD0D001C3F08 /* Adult - Clinical Practice - Epoprostenol.html in Resources */ = {isa = PBXBuildFile; fileRef = 13E3C48E2392BD0D001C3F08 /* Adult - Clinical Practice - Epoprostenol.html */; };
		13E3C49323932A96001C3F08 /* Adult - Clinical Practice - Sedation Intubated.html in Resources */ = {isa = PBXBuildFile; fileRef = 13E3C49023932A95001C3F08 /* Adult - Clinical Practice - Sedation Intubated.html */; };
		13E3C49423932A96001C3F08 /* adult_pain_score_chart.png in Resources */ = {isa = PBXBuildFile; fileRef = 13E3C49123932A95001C3F08 /* adult_pain_score_chart.png */; };
		13E3C49523932A96001C3F08 /* adult_sedation_score.png in Resources */ = {isa = PBXBuildFile; fileRef = 13E3C49223932A96001C3F08 /* adult_sedation_score.png */; };
		13E3C49723949A41001C3F08 /* Adult - Clinical Practice - ROSC.html in Resources */ = {isa = PBXBuildFile; fileRef = 13E3C49623949A41001C3F08 /* Adult - Clinical Practice - ROSC.html */; };
		13E3C4992396B50C001C3F08 /* Adult - Clinical Practice - NSTEMI.html in Resources */ = {isa = PBXBuildFile; fileRef = 13E3C4982396B50C001C3F08 /* Adult - Clinical Practice - NSTEMI.html */; };
		13E3C49B2396C49B001C3F08 /* Adult - Clinical Practice - STEMI.html in Resources */ = {isa = PBXBuildFile; fileRef = 13E3C49A2396C49B001C3F08 /* Adult - Clinical Practice - STEMI.html */; };
		13E3C49D2396C6BD001C3F08 /* Adult - Clinical Practice - Cardiogenic Shock.html in Resources */ = {isa = PBXBuildFile; fileRef = 13E3C49C2396C6BD001C3F08 /* Adult - Clinical Practice - Cardiogenic Shock.html */; };
		13E3C49F23974691001C3F08 /* DrugTableViewController.swift in Sources */ = {isa = PBXBuildFile; fileRef = 13E3C49E23974691001C3F08 /* DrugTableViewController.swift */; };
		13E3C4A12397F743001C3F08 /* UIView.swift in Sources */ = {isa = PBXBuildFile; fileRef = 13E3C4A02397F743001C3F08 /* UIView.swift */; };
		13E3C4A32398B5D4001C3F08 /* Adult - Clinical Practice - Stroke.html in Resources */ = {isa = PBXBuildFile; fileRef = 13E3C4A22398B5D4001C3F08 /* Adult - Clinical Practice - Stroke.html */; };
		13E3C4A5239964F8001C3F08 /* Adult - Clinical Practice - SCI.html in Resources */ = {isa = PBXBuildFile; fileRef = 13E3C4A4239964F8001C3F08 /* Adult - Clinical Practice - SCI.html */; };
		13E3C4A7239964FF001C3F08 /* Adult - Clinical Practice - Trauma.html in Resources */ = {isa = PBXBuildFile; fileRef = 13E3C4A6239964FF001C3F08 /* Adult - Clinical Practice - Trauma.html */; };
		13E3C4A92399FAAF001C3F08 /* Adult - Clinical Practice - Sepsis.html in Resources */ = {isa = PBXBuildFile; fileRef = 13E3C4A82399FAAE001C3F08 /* Adult - Clinical Practice - Sepsis.html */; };
		13E3C4AB239C03F6001C3F08 /* Adult - Clinical Practice - Obstetrics.html in Resources */ = {isa = PBXBuildFile; fileRef = 13E3C4AA239C03F6001C3F08 /* Adult - Clinical Practice - Obstetrics.html */; };
		13EE697A232154C100A5131A /* ContentPageTabBarController.swift in Sources */ = {isa = PBXBuildFile; fileRef = 13EE6979232154C000A5131A /* ContentPageTabBarController.swift */; };
		13EE697C2321554200A5131A /* FlowChartViewController.swift in Sources */ = {isa = PBXBuildFile; fileRef = 13EE697B2321554200A5131A /* FlowChartViewController.swift */; };
		13EE697E232159C900A5131A /* UIBezierPathExtension.swift in Sources */ = {isa = PBXBuildFile; fileRef = 13EE697D232159C900A5131A /* UIBezierPathExtension.swift */; };
		13F4447C235D4168004F87E0 /* YSiteCompatibilityViewController.swift in Sources */ = {isa = PBXBuildFile; fileRef = 13F4447B235D4168004F87E0 /* YSiteCompatibilityViewController.swift */; };
		13F4447E235DEA1E004F87E0 /* DrugMenuTableViewController.swift in Sources */ = {isa = PBXBuildFile; fileRef = 13F4447D235DEA1E004F87E0 /* DrugMenuTableViewController.swift */; };
		13F4A421239ECED4004F6D38 /* preamble_patch_point.png in Resources */ = {isa = PBXBuildFile; fileRef = 13F4A41D239ECED4004F6D38 /* preamble_patch_point.png */; };
		13F4A423239ECED4004F6D38 /* preamble_loc.png in Resources */ = {isa = PBXBuildFile; fileRef = 13F4A41F239ECED4004F6D38 /* preamble_loc.png */; };
		13F4A42C239ED370004F6D38 /* Authorization.html in Resources */ = {isa = PBXBuildFile; fileRef = 13F4A429239ED36F004F6D38 /* Authorization.html */; };
		13F4A42D239ED370004F6D38 /* Preamble.html in Resources */ = {isa = PBXBuildFile; fileRef = 13F4A42A239ED36F004F6D38 /* Preamble.html */; };
		13F4A42E239ED370004F6D38 /* Structure of Medical Directive.html in Resources */ = {isa = PBXBuildFile; fileRef = 13F4A42B239ED370004F6D38 /* Structure of Medical Directive.html */; };
		13F4A430239F44E9004F6D38 /* preamble_sbarr.png in Resources */ = {isa = PBXBuildFile; fileRef = 13F4A42F239F44E8004F6D38 /* preamble_sbarr.png */; };
		13F4A45723A1726F004F6D38 /* UITapGestureRecognizer.swift in Sources */ = {isa = PBXBuildFile; fileRef = 13F4A45623A1726F004F6D38 /* UITapGestureRecognizer.swift */; };
		13F4A47C23A35923004F6D38 /* Double.swift in Sources */ = {isa = PBXBuildFile; fileRef = 13F4A47B23A35923004F6D38 /* Double.swift */; };
		13F4A47E23A5CD30004F6D38 /* ped_flacc_score.png in Resources */ = {isa = PBXBuildFile; fileRef = 13F4A47D23A5CD30004F6D38 /* ped_flacc_score.png */; };
		13F4A48023A5CE0C004F6D38 /* Ped - Clinical Practice - Pain.html in Resources */ = {isa = PBXBuildFile; fileRef = 13F4A47F23A5CE0C004F6D38 /* Ped - Clinical Practice - Pain.html */; };
		13FBD4332416CBEB002AD350 /* DrugTabViewController.swift in Sources */ = {isa = PBXBuildFile; fileRef = 13FBD4322416CBEB002AD350 /* DrugTabViewController.swift */; };
		13FBD4352416D15A002AD350 /* MedicalDirectiveTabViewController.swift in Sources */ = {isa = PBXBuildFile; fileRef = 13FBD4342416D15A002AD350 /* MedicalDirectiveTabViewController.swift */; };
		13FBD437241D08B2002AD350 /* DocumentTableViewController.swift in Sources */ = {isa = PBXBuildFile; fileRef = 13FBD436241D08B2002AD350 /* DocumentTableViewController.swift */; };
		13FBD439241D0D95002AD350 /* Document.swift in Sources */ = {isa = PBXBuildFile; fileRef = 13FBD438241D0D95002AD350 /* Document.swift */; };
		13FBD43B241E78B6002AD350 /* String.swift in Sources */ = {isa = PBXBuildFile; fileRef = 13FBD43A241E78B6002AD350 /* String.swift */; };
		13FBD441241EA821002AD350 /* CheckBoxButton.swift in Sources */ = {isa = PBXBuildFile; fileRef = 13FBD440241EA821002AD350 /* CheckBoxButton.swift */; };
		13FBD463241FB079002AD350 /* PopoverViewController.swift in Sources */ = {isa = PBXBuildFile; fileRef = 13FBD462241FB079002AD350 /* PopoverViewController.swift */; };
		9944CB92116F96C0571DEC02 /* Pods_Ornge.framework in Frameworks */ = {isa = PBXBuildFile; fileRef = E3A989A3A46AAA340CACD7F1 /* Pods_Ornge.framework */; };
/* End PBXBuildFile section */

/* Begin PBXFileReference section */
		130534182364210D00E4F016 /* MedicalDirectives.json */ = {isa = PBXFileReference; fileEncoding = 4; lastKnownFileType = text.json; path = MedicalDirectives.json; sourceTree = "<group>"; };
		13069D3D22EB48FA00AA8F24 /* DataModel.xcdatamodel */ = {isa = PBXFileReference; lastKnownFileType = wrapper.xcdatamodel; path = DataModel.xcdatamodel; sourceTree = "<group>"; };
		13069D3F22EB52AA00AA8F24 /* TreatmentCardButton.swift */ = {isa = PBXFileReference; lastKnownFileType = sourcecode.swift; path = TreatmentCardButton.swift; sourceTree = "<group>"; };
		1309D7BE228CC584005F8D40 /* DrugMonographViewController.swift */ = {isa = PBXFileReference; lastKnownFileType = sourcecode.swift; path = DrugMonographViewController.swift; sourceTree = "<group>"; };
		1309D7C0228CC9F3005F8D40 /* DrugLibrary.json */ = {isa = PBXFileReference; lastKnownFileType = text.json; path = DrugLibrary.json; sourceTree = "<group>"; };
		131142A52285ECA100BD65C0 /* DataManager.swift */ = {isa = PBXFileReference; lastKnownFileType = sourcecode.swift; path = DataManager.swift; sourceTree = "<group>"; };
		131812CC242FB1B500767AEE /* WebKit.framework */ = {isa = PBXFileReference; lastKnownFileType = wrapper.framework; name = WebKit.framework; path = System/Library/Frameworks/WebKit.framework; sourceTree = SDKROOT; };
		131894CC234E0BCB00DC307D /* MixingCalculatorView.xib */ = {isa = PBXFileReference; fileEncoding = 4; lastKnownFileType = file.xib; path = MixingCalculatorView.xib; sourceTree = "<group>"; };
		131B96B222D8B4AB00D9A64F /* UIStackViewExtension.swift */ = {isa = PBXFileReference; lastKnownFileType = sourcecode.swift; path = UIStackViewExtension.swift; sourceTree = "<group>"; };
		131B96C022E0FD2700D9A64F /* ClosedRangeExtension.swift */ = {isa = PBXFileReference; lastKnownFileType = sourcecode.swift; path = ClosedRangeExtension.swift; sourceTree = "<group>"; };
		132F1BE1230D953E0071ADFF /* TODO List */ = {isa = PBXFileReference; lastKnownFileType = text; path = "TODO List"; sourceTree = "<group>"; };
		1344B2FD229100EC00E08C63 /* DirectiveFlowChartViewController.swift */ = {isa = PBXFileReference; lastKnownFileType = sourcecode.swift; path = DirectiveFlowChartViewController.swift; sourceTree = "<group>"; };
		1346EAE223AE7D9200992D6A /* preamble_signatures.png */ = {isa = PBXFileReference; lastKnownFileType = image.png; path = preamble_signatures.png; sourceTree = "<group>"; };
		134789FB23257AA20081E865 /* FlowChart.swift */ = {isa = PBXFileReference; lastKnownFileType = sourcecode.swift; path = FlowChart.swift; sourceTree = "<group>"; };
		134789FD23257B990081E865 /* FlowChartLibrary.json */ = {isa = PBXFileReference; lastKnownFileType = text.json; path = FlowChartLibrary.json; sourceTree = "<group>"; };
		13478A01232747F80081E865 /* String+HTML.swift */ = {isa = PBXFileReference; lastKnownFileType = sourcecode.swift; path = "String+HTML.swift"; sourceTree = "<group>"; };
		1354E91D23DB297A00897B61 /* DisclaimerViewController.swift */ = {isa = PBXFileReference; lastKnownFileType = sourcecode.swift; path = DisclaimerViewController.swift; sourceTree = "<group>"; };
		135C05C7228A1EA500F7B6CF /* MedicalDirectiveViewController.swift */ = {isa = PBXFileReference; lastKnownFileType = sourcecode.swift; path = MedicalDirectiveViewController.swift; sourceTree = "<group>"; };
		135D4A9D23156673006C660C /* MenuData_P.json */ = {isa = PBXFileReference; fileEncoding = 4; lastKnownFileType = text.json; path = MenuData_P.json; sourceTree = "<group>"; };
		1368DA6A238332FC003A7144 /* WebViewController.swift */ = {isa = PBXFileReference; fileEncoding = 4; lastKnownFileType = sourcecode.swift; path = WebViewController.swift; sourceTree = "<group>"; };
		1368DA6D23833455003A7144 /* Executive Airway Summary.html */ = {isa = PBXFileReference; fileEncoding = 4; lastKnownFileType = text.html; path = "Executive Airway Summary.html"; sourceTree = "<group>"; };
		1368DA812385609C003A7144 /* Adult - Clinical Practice - Asthma.html */ = {isa = PBXFileReference; fileEncoding = 4; lastKnownFileType = text.html; path = "Adult - Clinical Practice - Asthma.html"; sourceTree = "<group>"; };
		1368DA85238C2F13003A7144 /* PaddingLabel.swift */ = {isa = PBXFileReference; lastKnownFileType = sourcecode.swift; path = PaddingLabel.swift; sourceTree = "<group>"; };
		1380D49B2421234D00E88644 /* DocumentTableLayout.swift */ = {isa = PBXFileReference; lastKnownFileType = sourcecode.swift; path = DocumentTableLayout.swift; sourceTree = "<group>"; };
		138F077424E413C700410D0D /* UIFont.swift */ = {isa = PBXFileReference; lastKnownFileType = sourcecode.swift; path = UIFont.swift; sourceTree = "<group>"; };
		138F077A24E44A9D00410D0D /* MinionPro-BoldCnSubh.otf */ = {isa = PBXFileReference; lastKnownFileType = file; path = "MinionPro-BoldCnSubh.otf"; sourceTree = "<group>"; };
		138F077B24E44A9D00410D0D /* MinionPro-MediumSubh.otf */ = {isa = PBXFileReference; lastKnownFileType = file; path = "MinionPro-MediumSubh.otf"; sourceTree = "<group>"; };
		138F077C24E44A9D00410D0D /* MinionPro-SemiboldDisp.otf */ = {isa = PBXFileReference; lastKnownFileType = file; path = "MinionPro-SemiboldDisp.otf"; sourceTree = "<group>"; };
		138F077D24E44A9D00410D0D /* MinionPro-BoldItDisp.otf */ = {isa = PBXFileReference; lastKnownFileType = file; path = "MinionPro-BoldItDisp.otf"; sourceTree = "<group>"; };
		138F077E24E44A9D00410D0D /* MinionPro-MediumCnSubh.otf */ = {isa = PBXFileReference; lastKnownFileType = file; path = "MinionPro-MediumCnSubh.otf"; sourceTree = "<group>"; };
		138F077F24E44A9D00410D0D /* MinionPro-BoldCnIt.otf */ = {isa = PBXFileReference; lastKnownFileType = file; path = "MinionPro-BoldCnIt.otf"; sourceTree = "<group>"; };
		138F078024E44A9D00410D0D /* MinionPro-CnItSubh.otf */ = {isa = PBXFileReference; lastKnownFileType = file; path = "MinionPro-CnItSubh.otf"; sourceTree = "<group>"; };
		138F078124E44A9D00410D0D /* MinionPro-MediumItDisp.otf */ = {isa = PBXFileReference; lastKnownFileType = file; path = "MinionPro-MediumItDisp.otf"; sourceTree = "<group>"; };
		138F078224E44A9D00410D0D /* MinionPro-SemiboldCnCapt.otf */ = {isa = PBXFileReference; lastKnownFileType = file; path = "MinionPro-SemiboldCnCapt.otf"; sourceTree = "<group>"; };
		138F078324E44A9D00410D0D /* MinionPro-It.otf */ = {isa = PBXFileReference; lastKnownFileType = file; path = "MinionPro-It.otf"; sourceTree = "<group>"; };
		138F078424E44A9D00410D0D /* MinionPro-SemiboldCnItDisp.otf */ = {isa = PBXFileReference; lastKnownFileType = file; path = "MinionPro-SemiboldCnItDisp.otf"; sourceTree = "<group>"; };
		138F078524E44A9D00410D0D /* MinionPro-CnIt.otf */ = {isa = PBXFileReference; lastKnownFileType = file; path = "MinionPro-CnIt.otf"; sourceTree = "<group>"; };
		138F078624E44A9D00410D0D /* MinionPro-MediumIt.otf */ = {isa = PBXFileReference; lastKnownFileType = file; path = "MinionPro-MediumIt.otf"; sourceTree = "<group>"; };
		138F078724E44A9D00410D0D /* MinionPro-BoldCnItSubh.otf */ = {isa = PBXFileReference; lastKnownFileType = file; path = "MinionPro-BoldCnItSubh.otf"; sourceTree = "<group>"; };
		138F078824E44A9D00410D0D /* MinionPro-SemiboldCn.otf */ = {isa = PBXFileReference; lastKnownFileType = file; path = "MinionPro-SemiboldCn.otf"; sourceTree = "<group>"; };
		138F078924E44A9D00410D0D /* MinionPro-CnSubh.otf */ = {isa = PBXFileReference; lastKnownFileType = file; path = "MinionPro-CnSubh.otf"; sourceTree = "<group>"; };
		138F078A24E44A9D00410D0D /* MinionPro-SemiboldCnSubh.otf */ = {isa = PBXFileReference; lastKnownFileType = file; path = "MinionPro-SemiboldCnSubh.otf"; sourceTree = "<group>"; };
		138F078B24E44A9D00410D0D /* MinionPro-SemiboldItDisp.otf */ = {isa = PBXFileReference; lastKnownFileType = file; path = "MinionPro-SemiboldItDisp.otf"; sourceTree = "<group>"; };
		138F078C24E44A9D00410D0D /* MinionPro-ItDisp.otf */ = {isa = PBXFileReference; lastKnownFileType = file; path = "MinionPro-ItDisp.otf"; sourceTree = "<group>"; };
		138F078D24E44A9D00410D0D /* MinionPro-MediumCnItDisp.otf */ = {isa = PBXFileReference; lastKnownFileType = file; path = "MinionPro-MediumCnItDisp.otf"; sourceTree = "<group>"; };
		138F078E24E44A9D00410D0D /* MinionPro-BoldCnItCapt.otf */ = {isa = PBXFileReference; lastKnownFileType = file; path = "MinionPro-BoldCnItCapt.otf"; sourceTree = "<group>"; };
		138F078F24E44A9D00410D0D /* MinionPro-Disp.otf */ = {isa = PBXFileReference; lastKnownFileType = file; path = "MinionPro-Disp.otf"; sourceTree = "<group>"; };
		138F079024E44A9D00410D0D /* MinionPro-MediumCapt.otf */ = {isa = PBXFileReference; lastKnownFileType = file; path = "MinionPro-MediumCapt.otf"; sourceTree = "<group>"; };
		138F079124E44A9D00410D0D /* MinionPro-SemiboldCnIt.otf */ = {isa = PBXFileReference; lastKnownFileType = file; path = "MinionPro-SemiboldCnIt.otf"; sourceTree = "<group>"; };
		138F079224E44A9D00410D0D /* MinionPro-BoldCnCapt.otf */ = {isa = PBXFileReference; lastKnownFileType = file; path = "MinionPro-BoldCnCapt.otf"; sourceTree = "<group>"; };
		138F079324E44A9D00410D0D /* MinionPro-CnItCapt.otf */ = {isa = PBXFileReference; lastKnownFileType = file; path = "MinionPro-CnItCapt.otf"; sourceTree = "<group>"; };
		138F079424E44A9D00410D0D /* MinionPro-BoldDisp.otf */ = {isa = PBXFileReference; lastKnownFileType = file; path = "MinionPro-BoldDisp.otf"; sourceTree = "<group>"; };
		138F079524E44A9D00410D0D /* MinionPro-Bold.otf */ = {isa = PBXFileReference; lastKnownFileType = file; path = "MinionPro-Bold.otf"; sourceTree = "<group>"; };
		138F079624E44A9D00410D0D /* MinionPro-BoldCn.otf */ = {isa = PBXFileReference; lastKnownFileType = file; path = "MinionPro-BoldCn.otf"; sourceTree = "<group>"; };
		138F079724E44A9D00410D0D /* MinionPro-MediumCnCapt.otf */ = {isa = PBXFileReference; lastKnownFileType = file; path = "MinionPro-MediumCnCapt.otf"; sourceTree = "<group>"; };
		138F079824E44A9D00410D0D /* MinionPro-SemiboldItCapt.otf */ = {isa = PBXFileReference; lastKnownFileType = file; path = "MinionPro-SemiboldItCapt.otf"; sourceTree = "<group>"; };
		138F079924E44A9D00410D0D /* MinionPro-ItCapt.otf */ = {isa = PBXFileReference; lastKnownFileType = file; path = "MinionPro-ItCapt.otf"; sourceTree = "<group>"; };
		138F079A24E44A9D00410D0D /* MinionPro-MediumCnItCapt.otf */ = {isa = PBXFileReference; lastKnownFileType = file; path = "MinionPro-MediumCnItCapt.otf"; sourceTree = "<group>"; };
		138F079B24E44A9D00410D0D /* MinionPro-MediumCn.otf */ = {isa = PBXFileReference; lastKnownFileType = file; path = "MinionPro-MediumCn.otf"; sourceTree = "<group>"; };
		138F079C24E44A9D00410D0D /* MinionPro-Cn.otf */ = {isa = PBXFileReference; lastKnownFileType = file; path = "MinionPro-Cn.otf"; sourceTree = "<group>"; };
		138F079D24E44A9D00410D0D /* MinionPro-SemiboldCnItSubh.otf */ = {isa = PBXFileReference; lastKnownFileType = file; path = "MinionPro-SemiboldCnItSubh.otf"; sourceTree = "<group>"; };
		138F079E24E44A9D00410D0D /* MinionPro-BoldCnItDisp.otf */ = {isa = PBXFileReference; lastKnownFileType = file; path = "MinionPro-BoldCnItDisp.otf"; sourceTree = "<group>"; };
		138F079F24E44A9D00410D0D /* MinionPro-Capt.otf */ = {isa = PBXFileReference; lastKnownFileType = file; path = "MinionPro-Capt.otf"; sourceTree = "<group>"; };
		138F07A024E44A9D00410D0D /* MinionPro-Regular.otf */ = {isa = PBXFileReference; lastKnownFileType = file; path = "MinionPro-Regular.otf"; sourceTree = "<group>"; };
		138F07A124E44A9D00410D0D /* MinionPro-Semibold.otf */ = {isa = PBXFileReference; lastKnownFileType = file; path = "MinionPro-Semibold.otf"; sourceTree = "<group>"; };
		138F07A224E44A9D00410D0D /* MinionPro-BoldCnDisp.otf */ = {isa = PBXFileReference; lastKnownFileType = file; path = "MinionPro-BoldCnDisp.otf"; sourceTree = "<group>"; };
		138F07A324E44A9D00410D0D /* MinionPro-SemiboldSubh.otf */ = {isa = PBXFileReference; lastKnownFileType = file; path = "MinionPro-SemiboldSubh.otf"; sourceTree = "<group>"; };
		138F07A424E44A9D00410D0D /* MinionPro-BoldItSubh.otf */ = {isa = PBXFileReference; lastKnownFileType = file; path = "MinionPro-BoldItSubh.otf"; sourceTree = "<group>"; };
		138F07A524E44A9D00410D0D /* MinionPro-MediumDisp.otf */ = {isa = PBXFileReference; lastKnownFileType = file; path = "MinionPro-MediumDisp.otf"; sourceTree = "<group>"; };
		138F07A624E44A9D00410D0D /* MinionPro-MediumCnDisp.otf */ = {isa = PBXFileReference; lastKnownFileType = file; path = "MinionPro-MediumCnDisp.otf"; sourceTree = "<group>"; };
		138F07A724E44A9D00410D0D /* MinionPro-MediumItSubh.otf */ = {isa = PBXFileReference; lastKnownFileType = file; path = "MinionPro-MediumItSubh.otf"; sourceTree = "<group>"; };
		138F07A824E44A9D00410D0D /* MinionPro-CnItDisp.otf */ = {isa = PBXFileReference; lastKnownFileType = file; path = "MinionPro-CnItDisp.otf"; sourceTree = "<group>"; };
		138F07A924E44A9D00410D0D /* MinionPro-BoldCapt.otf */ = {isa = PBXFileReference; lastKnownFileType = file; path = "MinionPro-BoldCapt.otf"; sourceTree = "<group>"; };
		138F07AA24E44A9D00410D0D /* MinionPro-BoldIt.otf */ = {isa = PBXFileReference; lastKnownFileType = file; path = "MinionPro-BoldIt.otf"; sourceTree = "<group>"; };
		138F07AB24E44A9D00410D0D /* MinionPro-BoldItCapt.otf */ = {isa = PBXFileReference; lastKnownFileType = file; path = "MinionPro-BoldItCapt.otf"; sourceTree = "<group>"; };
		138F07AC24E44A9D00410D0D /* MinionPro-SemiboldCapt.otf */ = {isa = PBXFileReference; lastKnownFileType = file; path = "MinionPro-SemiboldCapt.otf"; sourceTree = "<group>"; };
		138F07AD24E44A9D00410D0D /* minionproboldcndisp.png */ = {isa = PBXFileReference; lastKnownFileType = image.png; path = minionproboldcndisp.png; sourceTree = "<group>"; };
		138F07AE24E44A9D00410D0D /* MinionPro-MediumCnIt.otf */ = {isa = PBXFileReference; lastKnownFileType = file; path = "MinionPro-MediumCnIt.otf"; sourceTree = "<group>"; };
		138F07AF24E44A9D00410D0D /* MinionPro-Medium.otf */ = {isa = PBXFileReference; lastKnownFileType = file; path = "MinionPro-Medium.otf"; sourceTree = "<group>"; };
		138F07B024E44A9D00410D0D /* MinionPro-BoldSubh.otf */ = {isa = PBXFileReference; lastKnownFileType = file; path = "MinionPro-BoldSubh.otf"; sourceTree = "<group>"; };
		138F07B124E44A9D00410D0D /* MinionPro-MediumItCapt.otf */ = {isa = PBXFileReference; lastKnownFileType = file; path = "MinionPro-MediumItCapt.otf"; sourceTree = "<group>"; };
		138F07B324E44A9D00410D0D /* MinionPro-SemiboldCnDisp.otf */ = {isa = PBXFileReference; lastKnownFileType = file; path = "MinionPro-SemiboldCnDisp.otf"; sourceTree = "<group>"; };
		138F07B424E44A9D00410D0D /* MinionPro-CnDisp.otf */ = {isa = PBXFileReference; lastKnownFileType = file; path = "MinionPro-CnDisp.otf"; sourceTree = "<group>"; };
		138F07B524E44A9D00410D0D /* MinionPro-ItSubh.otf */ = {isa = PBXFileReference; lastKnownFileType = file; path = "MinionPro-ItSubh.otf"; sourceTree = "<group>"; };
		138F07B624E44A9D00410D0D /* MinionPro-MediumCnItSubh.otf */ = {isa = PBXFileReference; lastKnownFileType = file; path = "MinionPro-MediumCnItSubh.otf"; sourceTree = "<group>"; };
		138F07B724E44A9D00410D0D /* MinionPro-SemiboldItSubh.otf */ = {isa = PBXFileReference; lastKnownFileType = file; path = "MinionPro-SemiboldItSubh.otf"; sourceTree = "<group>"; };
		138F07B824E44A9D00410D0D /* MinionPro-Subh.otf */ = {isa = PBXFileReference; lastKnownFileType = file; path = "MinionPro-Subh.otf"; sourceTree = "<group>"; };
		138F07B924E44A9D00410D0D /* MinionPro-SemiboldCnItCapt.otf */ = {isa = PBXFileReference; lastKnownFileType = file; path = "MinionPro-SemiboldCnItCapt.otf"; sourceTree = "<group>"; };
		138F07BA24E44A9D00410D0D /* MinionPro-SemiboldIt.otf */ = {isa = PBXFileReference; lastKnownFileType = file; path = "MinionPro-SemiboldIt.otf"; sourceTree = "<group>"; };
		138F07FE24E44BDF00410D0D /* FrutigerLTStd-Black.otf */ = {isa = PBXFileReference; lastKnownFileType = file; path = "FrutigerLTStd-Black.otf"; sourceTree = "<group>"; };
		138F080024E44BDF00410D0D /* FrutigerLTStd-Italic.otf */ = {isa = PBXFileReference; lastKnownFileType = file; path = "FrutigerLTStd-Italic.otf"; sourceTree = "<group>"; };
		138F080124E44BDF00410D0D /* FrutigerLTStd-Roman.otf */ = {isa = PBXFileReference; lastKnownFileType = file; path = "FrutigerLTStd-Roman.otf"; sourceTree = "<group>"; };
		138F080824E44FC000410D0D /* FrutigerLTStd-CnBold.otf */ = {isa = PBXFileReference; lastKnownFileType = file; path = "FrutigerLTStd-CnBold.otf"; sourceTree = "<group>"; };
		138F080924E44FC000410D0D /* FrutigerLTStd-Bold.otf */ = {isa = PBXFileReference; lastKnownFileType = file; path = "FrutigerLTStd-Bold.otf"; sourceTree = "<group>"; };
		139BF3D722849C7400D25766 /* Ornge.app */ = {isa = PBXFileReference; explicitFileType = wrapper.application; includeInIndex = 0; path = Ornge.app; sourceTree = BUILT_PRODUCTS_DIR; };
		139BF3DA22849C7400D25766 /* AppDelegate.swift */ = {isa = PBXFileReference; lastKnownFileType = sourcecode.swift; path = AppDelegate.swift; sourceTree = "<group>"; };
		139BF3DC22849C7400D25766 /* MenuViewController.swift */ = {isa = PBXFileReference; lastKnownFileType = sourcecode.swift; path = MenuViewController.swift; sourceTree = "<group>"; };
		139BF3DF22849C7400D25766 /* Base */ = {isa = PBXFileReference; lastKnownFileType = file.storyboard; name = Base; path = Base.lproj/Main.storyboard; sourceTree = "<group>"; };
		139BF3E422849C7500D25766 /* Base */ = {isa = PBXFileReference; lastKnownFileType = file.storyboard; name = Base; path = Base.lproj/LaunchScreen.storyboard; sourceTree = "<group>"; };
		139BF3E622849C7500D25766 /* Info.plist */ = {isa = PBXFileReference; lastKnownFileType = text.plist.xml; path = Info.plist; sourceTree = "<group>"; };
		139FF61A23C8F7BC00B57A68 /* Adult - Clinical Practice Guidelines - Mechanical Ventilation.html */ = {isa = PBXFileReference; fileEncoding = 4; lastKnownFileType = text.html; path = "Adult - Clinical Practice Guidelines - Mechanical Ventilation.html"; sourceTree = "<group>"; };
		13B6817223155FC3003EA3D7 /* Assets.xcassets */ = {isa = PBXFileReference; lastKnownFileType = folder.assetcatalog; path = Assets.xcassets; sourceTree = "<group>"; };
		13BF742E22B6647B00145035 /* Podfile */ = {isa = PBXFileReference; fileEncoding = 4; lastKnownFileType = text; path = Podfile; sourceTree = "<group>"; xcLanguageSpecificationIdentifier = xcode.lang.ruby; };
		13C3C30622ECAADE002F5344 /* EditNotesTableViewController.swift */ = {isa = PBXFileReference; lastKnownFileType = sourcecode.swift; path = EditNotesTableViewController.swift; sourceTree = "<group>"; };
		13C3C30822EF355E002F5344 /* DrugCalculatorViewController.swift */ = {isa = PBXFileReference; lastKnownFileType = sourcecode.swift; path = DrugCalculatorViewController.swift; sourceTree = "<group>"; };
		13C662E922AD4EA200FB9A63 /* Drugs.swift */ = {isa = PBXFileReference; lastKnownFileType = sourcecode.swift; path = Drugs.swift; sourceTree = "<group>"; };
		13C662EB22AD4F0300FB9A63 /* Pages.swift */ = {isa = PBXFileReference; lastKnownFileType = sourcecode.swift; path = Pages.swift; sourceTree = "<group>"; };
		13C662ED22AEB09800FB9A63 /* MedicalDirective.swift */ = {isa = PBXFileReference; lastKnownFileType = sourcecode.swift; path = MedicalDirective.swift; sourceTree = "<group>"; };
		13C662F522B3FD6400FB9A63 /* VentToolViewController.swift */ = {isa = PBXFileReference; lastKnownFileType = sourcecode.swift; path = VentToolViewController.swift; sourceTree = "<group>"; };
		13C7BDDA228C36D900D33B76 /* MedicalDirectiveView.swift */ = {isa = PBXFileReference; fileEncoding = 4; lastKnownFileType = sourcecode.swift; path = MedicalDirectiveView.swift; sourceTree = "<group>"; };
		13C7BDDB228C36D900D33B76 /* MedicalDirectiveView.xib */ = {isa = PBXFileReference; fileEncoding = 4; lastKnownFileType = file.xib; path = MedicalDirectiveView.xib; sourceTree = "<group>"; };
		13C7BDDF228C6C0400D33B76 /* UIColorExtension.swift */ = {isa = PBXFileReference; lastKnownFileType = sourcecode.swift; path = UIColorExtension.swift; sourceTree = "<group>"; };
		13DBB9BE22B674C400E4CE11 /* MixingCalculatorView.swift */ = {isa = PBXFileReference; lastKnownFileType = sourcecode.swift; path = MixingCalculatorView.swift; sourceTree = "<group>"; };
		13DBB9C022B8029A00E4CE11 /* SettingsViewController.swift */ = {isa = PBXFileReference; lastKnownFileType = sourcecode.swift; path = SettingsViewController.swift; sourceTree = "<group>"; };
		13DBB9C222B802B300E4CE11 /* Menus.swift */ = {isa = PBXFileReference; lastKnownFileType = sourcecode.swift; path = Menus.swift; sourceTree = "<group>"; };
		13E3C48223917306001C3F08 /* Controlled Intubation Checklist.html */ = {isa = PBXFileReference; fileEncoding = 4; lastKnownFileType = text.html; path = "Controlled Intubation Checklist.html"; sourceTree = "<group>"; };
		13E3C48423917829001C3F08 /* Ornge Airway Manual Executive Summary.html */ = {isa = PBXFileReference; fileEncoding = 4; lastKnownFileType = text.html; path = "Ornge Airway Manual Executive Summary.html"; sourceTree = "<group>"; };
		13E3C4862392B815001C3F08 /* adult_airway_patient_positioning.png */ = {isa = PBXFileReference; lastKnownFileType = image.png; path = adult_airway_patient_positioning.png; sourceTree = "<group>"; };
		13E3C4872392B815001C3F08 /* adult_airway_post_checklist.png */ = {isa = PBXFileReference; lastKnownFileType = image.png; path = adult_airway_post_checklist.png; sourceTree = "<group>"; };
		13E3C4882392B815001C3F08 /* adult_airway_team_positioning.png */ = {isa = PBXFileReference; lastKnownFileType = image.png; path = adult_airway_team_positioning.png; sourceTree = "<group>"; };
		13E3C4892392B815001C3F08 /* adult_airway_checklist.png */ = {isa = PBXFileReference; lastKnownFileType = image.png; path = adult_airway_checklist.png; sourceTree = "<group>"; };
		13E3C48E2392BD0D001C3F08 /* Adult - Clinical Practice - Epoprostenol.html */ = {isa = PBXFileReference; fileEncoding = 4; lastKnownFileType = text.html; path = "Adult - Clinical Practice - Epoprostenol.html"; sourceTree = "<group>"; };
		13E3C49023932A95001C3F08 /* Adult - Clinical Practice - Sedation Intubated.html */ = {isa = PBXFileReference; fileEncoding = 4; lastKnownFileType = text.html; path = "Adult - Clinical Practice - Sedation Intubated.html"; sourceTree = "<group>"; };
		13E3C49123932A95001C3F08 /* adult_pain_score_chart.png */ = {isa = PBXFileReference; lastKnownFileType = image.png; path = adult_pain_score_chart.png; sourceTree = "<group>"; };
		13E3C49223932A96001C3F08 /* adult_sedation_score.png */ = {isa = PBXFileReference; lastKnownFileType = image.png; path = adult_sedation_score.png; sourceTree = "<group>"; };
		13E3C49623949A41001C3F08 /* Adult - Clinical Practice - ROSC.html */ = {isa = PBXFileReference; fileEncoding = 4; lastKnownFileType = text.html; path = "Adult - Clinical Practice - ROSC.html"; sourceTree = "<group>"; };
		13E3C4982396B50C001C3F08 /* Adult - Clinical Practice - NSTEMI.html */ = {isa = PBXFileReference; fileEncoding = 4; lastKnownFileType = text.html; path = "Adult - Clinical Practice - NSTEMI.html"; sourceTree = "<group>"; };
		13E3C49A2396C49B001C3F08 /* Adult - Clinical Practice - STEMI.html */ = {isa = PBXFileReference; fileEncoding = 4; lastKnownFileType = text.html; path = "Adult - Clinical Practice - STEMI.html"; sourceTree = "<group>"; };
		13E3C49C2396C6BD001C3F08 /* Adult - Clinical Practice - Cardiogenic Shock.html */ = {isa = PBXFileReference; fileEncoding = 4; lastKnownFileType = text.html; path = "Adult - Clinical Practice - Cardiogenic Shock.html"; sourceTree = "<group>"; };
		13E3C49E23974691001C3F08 /* DrugTableViewController.swift */ = {isa = PBXFileReference; lastKnownFileType = sourcecode.swift; path = DrugTableViewController.swift; sourceTree = "<group>"; };
		13E3C4A02397F743001C3F08 /* UIView.swift */ = {isa = PBXFileReference; fileEncoding = 4; lastKnownFileType = sourcecode.swift; path = UIView.swift; sourceTree = "<group>"; };
		13E3C4A22398B5D4001C3F08 /* Adult - Clinical Practice - Stroke.html */ = {isa = PBXFileReference; fileEncoding = 4; lastKnownFileType = text.html; path = "Adult - Clinical Practice - Stroke.html"; sourceTree = "<group>"; };
		13E3C4A4239964F8001C3F08 /* Adult - Clinical Practice - SCI.html */ = {isa = PBXFileReference; fileEncoding = 4; lastKnownFileType = text.html; path = "Adult - Clinical Practice - SCI.html"; sourceTree = "<group>"; };
		13E3C4A6239964FF001C3F08 /* Adult - Clinical Practice - Trauma.html */ = {isa = PBXFileReference; fileEncoding = 4; lastKnownFileType = text.html; path = "Adult - Clinical Practice - Trauma.html"; sourceTree = "<group>"; };
		13E3C4A82399FAAE001C3F08 /* Adult - Clinical Practice - Sepsis.html */ = {isa = PBXFileReference; fileEncoding = 4; lastKnownFileType = text.html; path = "Adult - Clinical Practice - Sepsis.html"; sourceTree = "<group>"; };
		13E3C4AA239C03F6001C3F08 /* Adult - Clinical Practice - Obstetrics.html */ = {isa = PBXFileReference; fileEncoding = 4; lastKnownFileType = text.html; path = "Adult - Clinical Practice - Obstetrics.html"; sourceTree = "<group>"; };
		13EE6979232154C000A5131A /* ContentPageTabBarController.swift */ = {isa = PBXFileReference; lastKnownFileType = sourcecode.swift; path = ContentPageTabBarController.swift; sourceTree = "<group>"; };
		13EE697B2321554200A5131A /* FlowChartViewController.swift */ = {isa = PBXFileReference; lastKnownFileType = sourcecode.swift; path = FlowChartViewController.swift; sourceTree = "<group>"; };
		13EE697D232159C900A5131A /* UIBezierPathExtension.swift */ = {isa = PBXFileReference; lastKnownFileType = sourcecode.swift; path = UIBezierPathExtension.swift; sourceTree = "<group>"; };
		13F4447B235D4168004F87E0 /* YSiteCompatibilityViewController.swift */ = {isa = PBXFileReference; lastKnownFileType = sourcecode.swift; path = YSiteCompatibilityViewController.swift; sourceTree = "<group>"; };
		13F4447D235DEA1E004F87E0 /* DrugMenuTableViewController.swift */ = {isa = PBXFileReference; lastKnownFileType = sourcecode.swift; path = DrugMenuTableViewController.swift; sourceTree = "<group>"; };
		13F4A41D239ECED4004F6D38 /* preamble_patch_point.png */ = {isa = PBXFileReference; lastKnownFileType = image.png; path = preamble_patch_point.png; sourceTree = "<group>"; };
		13F4A41F239ECED4004F6D38 /* preamble_loc.png */ = {isa = PBXFileReference; lastKnownFileType = image.png; path = preamble_loc.png; sourceTree = "<group>"; };
		13F4A429239ED36F004F6D38 /* Authorization.html */ = {isa = PBXFileReference; fileEncoding = 4; lastKnownFileType = text.html; path = Authorization.html; sourceTree = "<group>"; };
		13F4A42A239ED36F004F6D38 /* Preamble.html */ = {isa = PBXFileReference; fileEncoding = 4; lastKnownFileType = text.html; path = Preamble.html; sourceTree = "<group>"; };
		13F4A42B239ED370004F6D38 /* Structure of Medical Directive.html */ = {isa = PBXFileReference; fileEncoding = 4; lastKnownFileType = text.html; path = "Structure of Medical Directive.html"; sourceTree = "<group>"; };
		13F4A42F239F44E8004F6D38 /* preamble_sbarr.png */ = {isa = PBXFileReference; lastKnownFileType = image.png; path = preamble_sbarr.png; sourceTree = "<group>"; };
		13F4A45623A1726F004F6D38 /* UITapGestureRecognizer.swift */ = {isa = PBXFileReference; lastKnownFileType = sourcecode.swift; path = UITapGestureRecognizer.swift; sourceTree = "<group>"; };
		13F4A47B23A35923004F6D38 /* Double.swift */ = {isa = PBXFileReference; lastKnownFileType = sourcecode.swift; path = Double.swift; sourceTree = "<group>"; };
		13F4A47D23A5CD30004F6D38 /* ped_flacc_score.png */ = {isa = PBXFileReference; lastKnownFileType = image.png; path = ped_flacc_score.png; sourceTree = "<group>"; };
		13F4A47F23A5CE0C004F6D38 /* Ped - Clinical Practice - Pain.html */ = {isa = PBXFileReference; fileEncoding = 4; lastKnownFileType = text.html; path = "Ped - Clinical Practice - Pain.html"; sourceTree = "<group>"; };
		13FBD4322416CBEB002AD350 /* DrugTabViewController.swift */ = {isa = PBXFileReference; lastKnownFileType = sourcecode.swift; path = DrugTabViewController.swift; sourceTree = "<group>"; };
		13FBD4342416D15A002AD350 /* MedicalDirectiveTabViewController.swift */ = {isa = PBXFileReference; lastKnownFileType = sourcecode.swift; path = MedicalDirectiveTabViewController.swift; sourceTree = "<group>"; };
		13FBD436241D08B2002AD350 /* DocumentTableViewController.swift */ = {isa = PBXFileReference; lastKnownFileType = sourcecode.swift; path = DocumentTableViewController.swift; sourceTree = "<group>"; };
		13FBD438241D0D95002AD350 /* Document.swift */ = {isa = PBXFileReference; lastKnownFileType = sourcecode.swift; path = Document.swift; sourceTree = "<group>"; };
		13FBD43A241E78B6002AD350 /* String.swift */ = {isa = PBXFileReference; lastKnownFileType = sourcecode.swift; path = String.swift; sourceTree = "<group>"; };
		13FBD440241EA821002AD350 /* CheckBoxButton.swift */ = {isa = PBXFileReference; fileEncoding = 4; lastKnownFileType = sourcecode.swift; path = CheckBoxButton.swift; sourceTree = "<group>"; };
		13FBD462241FB079002AD350 /* PopoverViewController.swift */ = {isa = PBXFileReference; lastKnownFileType = sourcecode.swift; path = PopoverViewController.swift; sourceTree = "<group>"; };
		9167FC5984E504BE25C11D5A /* Pods-Ornge.debug.xcconfig */ = {isa = PBXFileReference; includeInIndex = 1; lastKnownFileType = text.xcconfig; name = "Pods-Ornge.debug.xcconfig"; path = "Target Support Files/Pods-Ornge/Pods-Ornge.debug.xcconfig"; sourceTree = "<group>"; };
		9B8BDF348D4CA2FF0B894A29 /* Pods-Ornge.release.xcconfig */ = {isa = PBXFileReference; includeInIndex = 1; lastKnownFileType = text.xcconfig; name = "Pods-Ornge.release.xcconfig"; path = "Target Support Files/Pods-Ornge/Pods-Ornge.release.xcconfig"; sourceTree = "<group>"; };
		E3A989A3A46AAA340CACD7F1 /* Pods_Ornge.framework */ = {isa = PBXFileReference; explicitFileType = wrapper.framework; includeInIndex = 0; path = Pods_Ornge.framework; sourceTree = BUILT_PRODUCTS_DIR; };
/* End PBXFileReference section */

/* Begin PBXFrameworksBuildPhase section */
		139BF3D422849C7400D25766 /* Frameworks */ = {
			isa = PBXFrameworksBuildPhase;
			buildActionMask = 2147483647;
			files = (
				131812CD242FB1B500767AEE /* WebKit.framework in Frameworks */,
				9944CB92116F96C0571DEC02 /* Pods_Ornge.framework in Frameworks */,
			);
			runOnlyForDeploymentPostprocessing = 0;
		};
/* End PBXFrameworksBuildPhase section */

/* Begin PBXGroup section */
		1311429C2285BD5900BD65C0 /* Views */ = {
			isa = PBXGroup;
			children = (
				139BF3E322849C7500D25766 /* LaunchScreen.storyboard */,
				139BF3DE22849C7400D25766 /* Main.storyboard */,
			);
			path = Views;
			sourceTree = "<group>";
		};
		1311429D2285BD6300BD65C0 /* Controllers */ = {
			isa = PBXGroup;
			children = (
				139BF3DC22849C7400D25766 /* MenuViewController.swift */,
				13FBD436241D08B2002AD350 /* DocumentTableViewController.swift */,
				1380D49B2421234D00E88644 /* DocumentTableLayout.swift */,
				1354E91D23DB297A00897B61 /* DisclaimerViewController.swift */,
				13C7BDDE228C36DE00D33B76 /* Subviews */,
				13F44480235DF24E004F87E0 /* Medical Directives */,
				13F4447F235DF241004F87E0 /* Drugs */,
				13C662F422B3FD5500FB9A63 /* Tools */,
				13FBD462241FB079002AD350 /* PopoverViewController.swift */,
			);
			path = Controllers;
			sourceTree = "<group>";
		};
		1311429E2285BD6A00BD65C0 /* Supporting Files */ = {
			isa = PBXGroup;
			children = (
				13B6817223155FC3003EA3D7 /* Assets.xcassets */,
			);
			path = "Supporting Files";
			sourceTree = "<group>";
		};
		1311429F2285BD8600BD65C0 /* Data Model */ = {
			isa = PBXGroup;
			children = (
				13069D3C22EB48FA00AA8F24 /* DataModel.xcdatamodeld */,
				131142A52285ECA100BD65C0 /* DataManager.swift */,
				13C662E922AD4EA200FB9A63 /* Drugs.swift */,
				13C662EB22AD4F0300FB9A63 /* Pages.swift */,
				13DBB9C222B802B300E4CE11 /* Menus.swift */,
				134789FB23257AA20081E865 /* FlowChart.swift */,
				13C662ED22AEB09800FB9A63 /* MedicalDirective.swift */,
				13FBD438241D0D95002AD350 /* Document.swift */,
			);
			path = "Data Model";
			sourceTree = "<group>";
		};
		131B96A922D628B500D9A64F /* JSON */ = {
			isa = PBXGroup;
			children = (
				130534182364210D00E4F016 /* MedicalDirectives.json */,
				135D4A9D23156673006C660C /* MenuData_P.json */,
				1309D7C0228CC9F3005F8D40 /* DrugLibrary.json */,
				134789FD23257B990081E865 /* FlowChartLibrary.json */,
			);
			path = JSON;
			sourceTree = "<group>";
		};
		1368DA6C23833391003A7144 /* HTML */ = {
			isa = PBXGroup;
			children = (
				139FF61A23C8F7BC00B57A68 /* Adult - Clinical Practice Guidelines - Mechanical Ventilation.html */,
				1346EAE223AE7D9200992D6A /* preamble_signatures.png */,
				13F4A47F23A5CE0C004F6D38 /* Ped - Clinical Practice - Pain.html */,
				13F4A47D23A5CD30004F6D38 /* ped_flacc_score.png */,
				13F4A429239ED36F004F6D38 /* Authorization.html */,
				13F4A42A239ED36F004F6D38 /* Preamble.html */,
				13F4A42B239ED370004F6D38 /* Structure of Medical Directive.html */,
				13E3C4AA239C03F6001C3F08 /* Adult - Clinical Practice - Obstetrics.html */,
				13E3C4A82399FAAE001C3F08 /* Adult - Clinical Practice - Sepsis.html */,
				13E3C4A6239964FF001C3F08 /* Adult - Clinical Practice - Trauma.html */,
				13E3C4A4239964F8001C3F08 /* Adult - Clinical Practice - SCI.html */,
				13E3C4A22398B5D4001C3F08 /* Adult - Clinical Practice - Stroke.html */,
				13E3C49C2396C6BD001C3F08 /* Adult - Clinical Practice - Cardiogenic Shock.html */,
				13E3C49A2396C49B001C3F08 /* Adult - Clinical Practice - STEMI.html */,
				13E3C4982396B50C001C3F08 /* Adult - Clinical Practice - NSTEMI.html */,
				13E3C49623949A41001C3F08 /* Adult - Clinical Practice - ROSC.html */,
				13E3C49023932A95001C3F08 /* Adult - Clinical Practice - Sedation Intubated.html */,
				13E3C48E2392BD0D001C3F08 /* Adult - Clinical Practice - Epoprostenol.html */,
				13E3C48423917829001C3F08 /* Ornge Airway Manual Executive Summary.html */,
				13E3C48223917306001C3F08 /* Controlled Intubation Checklist.html */,
				1368DA812385609C003A7144 /* Adult - Clinical Practice - Asthma.html */,
				1368DA6D23833455003A7144 /* Executive Airway Summary.html */,
				13F4A41F239ECED4004F6D38 /* preamble_loc.png */,
				13F4A42F239F44E8004F6D38 /* preamble_sbarr.png */,
				13F4A41D239ECED4004F6D38 /* preamble_patch_point.png */,
				13E3C49123932A95001C3F08 /* adult_pain_score_chart.png */,
				13E3C49223932A96001C3F08 /* adult_sedation_score.png */,
				13E3C4892392B815001C3F08 /* adult_airway_checklist.png */,
				13E3C4862392B815001C3F08 /* adult_airway_patient_positioning.png */,
				13E3C4872392B815001C3F08 /* adult_airway_post_checklist.png */,
				13E3C4882392B815001C3F08 /* adult_airway_team_positioning.png */,
			);
			path = HTML;
			sourceTree = "<group>";
		};
		1368DA87238C2F1B003A7144 /* Subclasses */ = {
			isa = PBXGroup;
			children = (
				13FBD440241EA821002AD350 /* CheckBoxButton.swift */,
				1368DA85238C2F13003A7144 /* PaddingLabel.swift */,
			);
			path = Subclasses;
			sourceTree = "<group>";
		};
		138F077624E44A7000410D0D /* Custom Fonts */ = {
			isa = PBXGroup;
			children = (
				138F07FC24E44BDF00410D0D /* frutiger_ssv */,
				138F077924E44A9D00410D0D /* minion-pro */,
			);
			path = "Custom Fonts";
			sourceTree = "<group>";
		};
		138F077924E44A9D00410D0D /* minion-pro */ = {
			isa = PBXGroup;
			children = (
				138F077A24E44A9D00410D0D /* MinionPro-BoldCnSubh.otf */,
				138F077B24E44A9D00410D0D /* MinionPro-MediumSubh.otf */,
				138F077C24E44A9D00410D0D /* MinionPro-SemiboldDisp.otf */,
				138F077D24E44A9D00410D0D /* MinionPro-BoldItDisp.otf */,
				138F077E24E44A9D00410D0D /* MinionPro-MediumCnSubh.otf */,
				138F077F24E44A9D00410D0D /* MinionPro-BoldCnIt.otf */,
				138F078024E44A9D00410D0D /* MinionPro-CnItSubh.otf */,
				138F078124E44A9D00410D0D /* MinionPro-MediumItDisp.otf */,
				138F078224E44A9D00410D0D /* MinionPro-SemiboldCnCapt.otf */,
				138F078324E44A9D00410D0D /* MinionPro-It.otf */,
				138F078424E44A9D00410D0D /* MinionPro-SemiboldCnItDisp.otf */,
				138F078524E44A9D00410D0D /* MinionPro-CnIt.otf */,
				138F078624E44A9D00410D0D /* MinionPro-MediumIt.otf */,
				138F078724E44A9D00410D0D /* MinionPro-BoldCnItSubh.otf */,
				138F078824E44A9D00410D0D /* MinionPro-SemiboldCn.otf */,
				138F078924E44A9D00410D0D /* MinionPro-CnSubh.otf */,
				138F078A24E44A9D00410D0D /* MinionPro-SemiboldCnSubh.otf */,
				138F078B24E44A9D00410D0D /* MinionPro-SemiboldItDisp.otf */,
				138F078C24E44A9D00410D0D /* MinionPro-ItDisp.otf */,
				138F078D24E44A9D00410D0D /* MinionPro-MediumCnItDisp.otf */,
				138F078E24E44A9D00410D0D /* MinionPro-BoldCnItCapt.otf */,
				138F078F24E44A9D00410D0D /* MinionPro-Disp.otf */,
				138F079024E44A9D00410D0D /* MinionPro-MediumCapt.otf */,
				138F079124E44A9D00410D0D /* MinionPro-SemiboldCnIt.otf */,
				138F079224E44A9D00410D0D /* MinionPro-BoldCnCapt.otf */,
				138F079324E44A9D00410D0D /* MinionPro-CnItCapt.otf */,
				138F079424E44A9D00410D0D /* MinionPro-BoldDisp.otf */,
				138F079524E44A9D00410D0D /* MinionPro-Bold.otf */,
				138F079624E44A9D00410D0D /* MinionPro-BoldCn.otf */,
				138F079724E44A9D00410D0D /* MinionPro-MediumCnCapt.otf */,
				138F079824E44A9D00410D0D /* MinionPro-SemiboldItCapt.otf */,
				138F079924E44A9D00410D0D /* MinionPro-ItCapt.otf */,
				138F079A24E44A9D00410D0D /* MinionPro-MediumCnItCapt.otf */,
				138F079B24E44A9D00410D0D /* MinionPro-MediumCn.otf */,
				138F079C24E44A9D00410D0D /* MinionPro-Cn.otf */,
				138F079D24E44A9D00410D0D /* MinionPro-SemiboldCnItSubh.otf */,
				138F079E24E44A9D00410D0D /* MinionPro-BoldCnItDisp.otf */,
				138F079F24E44A9D00410D0D /* MinionPro-Capt.otf */,
				138F07A024E44A9D00410D0D /* MinionPro-Regular.otf */,
				138F07A124E44A9D00410D0D /* MinionPro-Semibold.otf */,
				138F07A224E44A9D00410D0D /* MinionPro-BoldCnDisp.otf */,
				138F07A324E44A9D00410D0D /* MinionPro-SemiboldSubh.otf */,
				138F07A424E44A9D00410D0D /* MinionPro-BoldItSubh.otf */,
				138F07A524E44A9D00410D0D /* MinionPro-MediumDisp.otf */,
				138F07A624E44A9D00410D0D /* MinionPro-MediumCnDisp.otf */,
				138F07A724E44A9D00410D0D /* MinionPro-MediumItSubh.otf */,
				138F07A824E44A9D00410D0D /* MinionPro-CnItDisp.otf */,
				138F07A924E44A9D00410D0D /* MinionPro-BoldCapt.otf */,
				138F07AA24E44A9D00410D0D /* MinionPro-BoldIt.otf */,
				138F07AB24E44A9D00410D0D /* MinionPro-BoldItCapt.otf */,
				138F07AC24E44A9D00410D0D /* MinionPro-SemiboldCapt.otf */,
				138F07AD24E44A9D00410D0D /* minionproboldcndisp.png */,
				138F07AE24E44A9D00410D0D /* MinionPro-MediumCnIt.otf */,
				138F07AF24E44A9D00410D0D /* MinionPro-Medium.otf */,
				138F07B024E44A9D00410D0D /* MinionPro-BoldSubh.otf */,
				138F07B124E44A9D00410D0D /* MinionPro-MediumItCapt.otf */,
				138F07B324E44A9D00410D0D /* MinionPro-SemiboldCnDisp.otf */,
				138F07B424E44A9D00410D0D /* MinionPro-CnDisp.otf */,
				138F07B524E44A9D00410D0D /* MinionPro-ItSubh.otf */,
				138F07B624E44A9D00410D0D /* MinionPro-MediumCnItSubh.otf */,
				138F07B724E44A9D00410D0D /* MinionPro-SemiboldItSubh.otf */,
				138F07B824E44A9D00410D0D /* MinionPro-Subh.otf */,
				138F07B924E44A9D00410D0D /* MinionPro-SemiboldCnItCapt.otf */,
				138F07BA24E44A9D00410D0D /* MinionPro-SemiboldIt.otf */,
			);
			path = "minion-pro";
			sourceTree = "<group>";
		};
		138F07FC24E44BDF00410D0D /* frutiger_ssv */ = {
			isa = PBXGroup;
			children = (
				138F080924E44FC000410D0D /* FrutigerLTStd-Bold.otf */,
				138F080824E44FC000410D0D /* FrutigerLTStd-CnBold.otf */,
				138F07FE24E44BDF00410D0D /* FrutigerLTStd-Black.otf */,
				138F080024E44BDF00410D0D /* FrutigerLTStd-Italic.otf */,
				138F080124E44BDF00410D0D /* FrutigerLTStd-Roman.otf */,
			);
			path = frutiger_ssv;
			sourceTree = "<group>";
		};
		139BF3CE22849C7400D25766 = {
			isa = PBXGroup;
			children = (
				13BF742E22B6647B00145035 /* Podfile */,
				139BF3D922849C7400D25766 /* MedicMind */,
				139BF3D822849C7400D25766 /* Products */,
				CDF4AC6A4603585B28D06F56 /* Pods */,
				605AFDD7D181846F9D083506 /* Frameworks */,
			);
			sourceTree = "<group>";
		};
		139BF3D822849C7400D25766 /* Products */ = {
			isa = PBXGroup;
			children = (
				139BF3D722849C7400D25766 /* Ornge.app */,
			);
			name = Products;
			sourceTree = "<group>";
		};
		139BF3D922849C7400D25766 /* MedicMind */ = {
			isa = PBXGroup;
			children = (
				1311429E2285BD6A00BD65C0 /* Supporting Files */,
				138F077624E44A7000410D0D /* Custom Fonts */,
				139BF3E622849C7500D25766 /* Info.plist */,
				132F1BE1230D953E0071ADFF /* TODO List */,
				139BF3DA22849C7400D25766 /* AppDelegate.swift */,
				1368DA6C23833391003A7144 /* HTML */,
				131B96A922D628B500D9A64F /* JSON */,
				1311429C2285BD5900BD65C0 /* Views */,
				1311429F2285BD8600BD65C0 /* Data Model */,
				1311429D2285BD6300BD65C0 /* Controllers */,
				13C7BDE1228C6C1800D33B76 /* Extensions */,
				1368DA87238C2F1B003A7144 /* Subclasses */,
			);
			path = MedicMind;
			sourceTree = "<group>";
		};
		13C662F422B3FD5500FB9A63 /* Tools */ = {
			isa = PBXGroup;
			children = (
				13C662F522B3FD6400FB9A63 /* VentToolViewController.swift */,
				13DBB9C022B8029A00E4CE11 /* SettingsViewController.swift */,
				13C3C30822EF355E002F5344 /* DrugCalculatorViewController.swift */,
			);
			path = Tools;
			sourceTree = "<group>";
		};
		13C7BDDE228C36DE00D33B76 /* Subviews */ = {
			isa = PBXGroup;
			children = (
				13DBB9BE22B674C400E4CE11 /* MixingCalculatorView.swift */,
				131894CC234E0BCB00DC307D /* MixingCalculatorView.xib */,
				13C7BDDA228C36D900D33B76 /* MedicalDirectiveView.swift */,
				13C7BDDB228C36D900D33B76 /* MedicalDirectiveView.xib */,
			);
			path = Subviews;
			sourceTree = "<group>";
		};
		13C7BDE1228C6C1800D33B76 /* Extensions */ = {
			isa = PBXGroup;
			children = (
				13E3C4A02397F743001C3F08 /* UIView.swift */,
				13C7BDDF228C6C0400D33B76 /* UIColorExtension.swift */,
				131B96B222D8B4AB00D9A64F /* UIStackViewExtension.swift */,
				131B96C022E0FD2700D9A64F /* ClosedRangeExtension.swift */,
				13069D3F22EB52AA00AA8F24 /* TreatmentCardButton.swift */,
				13EE697D232159C900A5131A /* UIBezierPathExtension.swift */,
				13478A01232747F80081E865 /* String+HTML.swift */,
				13F4A45623A1726F004F6D38 /* UITapGestureRecognizer.swift */,
				13F4A47B23A35923004F6D38 /* Double.swift */,
				13FBD43A241E78B6002AD350 /* String.swift */,
				138F077424E413C700410D0D /* UIFont.swift */,
			);
			path = Extensions;
			sourceTree = "<group>";
		};
		13F4447F235DF241004F87E0 /* Drugs */ = {
			isa = PBXGroup;
			children = (
				13F4447D235DEA1E004F87E0 /* DrugMenuTableViewController.swift */,
				1309D7BE228CC584005F8D40 /* DrugMonographViewController.swift */,
				13F4447B235D4168004F87E0 /* YSiteCompatibilityViewController.swift */,
				13E3C49E23974691001C3F08 /* DrugTableViewController.swift */,
				13FBD4322416CBEB002AD350 /* DrugTabViewController.swift */,
			);
			path = Drugs;
			sourceTree = "<group>";
		};
		13F44480235DF24E004F87E0 /* Medical Directives */ = {
			isa = PBXGroup;
			children = (
				13EE697B2321554200A5131A /* FlowChartViewController.swift */,
				135C05C7228A1EA500F7B6CF /* MedicalDirectiveViewController.swift */,
				13EE6979232154C000A5131A /* ContentPageTabBarController.swift */,
				1368DA6A238332FC003A7144 /* WebViewController.swift */,
				1344B2FD229100EC00E08C63 /* DirectiveFlowChartViewController.swift */,
				13C3C30622ECAADE002F5344 /* EditNotesTableViewController.swift */,
				13FBD4342416D15A002AD350 /* MedicalDirectiveTabViewController.swift */,
			);
			path = "Medical Directives";
			sourceTree = "<group>";
		};
		605AFDD7D181846F9D083506 /* Frameworks */ = {
			isa = PBXGroup;
			children = (
				131812CC242FB1B500767AEE /* WebKit.framework */,
				E3A989A3A46AAA340CACD7F1 /* Pods_Ornge.framework */,
			);
			name = Frameworks;
			sourceTree = "<group>";
		};
		CDF4AC6A4603585B28D06F56 /* Pods */ = {
			isa = PBXGroup;
			children = (
				9167FC5984E504BE25C11D5A /* Pods-Ornge.debug.xcconfig */,
				9B8BDF348D4CA2FF0B894A29 /* Pods-Ornge.release.xcconfig */,
			);
			path = Pods;
			sourceTree = "<group>";
		};
/* End PBXGroup section */

/* Begin PBXNativeTarget section */
		139BF3D622849C7400D25766 /* Ornge */ = {
			isa = PBXNativeTarget;
			buildConfigurationList = 139BF3E922849C7500D25766 /* Build configuration list for PBXNativeTarget "Ornge" */;
			buildPhases = (
				709BE00B97FD81545D1AFED3 /* [CP] Check Pods Manifest.lock */,
				139BF3D322849C7400D25766 /* Sources */,
				139BF3D422849C7400D25766 /* Frameworks */,
				139BF3D522849C7400D25766 /* Resources */,
				1F1D8B15379EDFF535FD08B6 /* [CP] Embed Pods Frameworks */,
			);
			buildRules = (
			);
			dependencies = (
			);
			name = Ornge;
			productName = MedicMind;
			productReference = 139BF3D722849C7400D25766 /* Ornge.app */;
			productType = "com.apple.product-type.application";
		};
/* End PBXNativeTarget section */

/* Begin PBXProject section */
		139BF3CF22849C7400D25766 /* Project object */ = {
			isa = PBXProject;
			attributes = {
				LastSwiftUpdateCheck = 1020;
				LastUpgradeCheck = 1020;
				ORGANIZATIONNAME = "Charles Trickey";
				TargetAttributes = {
					139BF3D622849C7400D25766 = {
						CreatedOnToolsVersion = 10.2.1;
					};
				};
			};
			buildConfigurationList = 139BF3D222849C7400D25766 /* Build configuration list for PBXProject "Ornge" */;
			compatibilityVersion = "Xcode 9.3";
			developmentRegion = en;
			hasScannedForEncodings = 0;
			knownRegions = (
				en,
				Base,
			);
			mainGroup = 139BF3CE22849C7400D25766;
			productRefGroup = 139BF3D822849C7400D25766 /* Products */;
			projectDirPath = "";
			projectRoot = "";
			targets = (
				139BF3D622849C7400D25766 /* Ornge */,
			);
		};
/* End PBXProject section */

/* Begin PBXResourcesBuildPhase section */
		139BF3D522849C7400D25766 /* Resources */ = {
			isa = PBXResourcesBuildPhase;
			buildActionMask = 2147483647;
			files = (
				138F080A24E44FE400410D0D /* FrutigerLTStd-Bold.otf in Resources */,
				13E3C48523917829001C3F08 /* Ornge Airway Manual Executive Summary.html in Resources */,
				134789FE23257B990081E865 /* FlowChartLibrary.json in Resources */,
				130534192364210D00E4F016 /* MedicalDirectives.json in Resources */,
				138F07BD24E44A9D00410D0D /* MinionPro-SemiboldDisp.otf in Resources */,
				138F07DB24E44A9D00410D0D /* MinionPro-MediumCnItCapt.otf in Resources */,
				138F07F124E44A9D00410D0D /* MinionPro-BoldSubh.otf in Resources */,
				13E3C49323932A96001C3F08 /* Adult - Clinical Practice - Sedation Intubated.html in Resources */,
				135D4A9F23156673006C660C /* MenuData_P.json in Resources */,
				13F4A47E23A5CD30004F6D38 /* ped_flacc_score.png in Resources */,
				138F07C224E44A9D00410D0D /* MinionPro-MediumItDisp.otf in Resources */,
				13E3C49723949A41001C3F08 /* Adult - Clinical Practice - ROSC.html in Resources */,
				13E3C48323917306001C3F08 /* Controlled Intubation Checklist.html in Resources */,
				13B6817323155FC3003EA3D7 /* Assets.xcassets in Resources */,
				13E3C4992396B50C001C3F08 /* Adult - Clinical Practice - NSTEMI.html in Resources */,
				138F07EE24E44A9D00410D0D /* minionproboldcndisp.png in Resources */,
				139FF61B23C8F7BC00B57A68 /* Adult - Clinical Practice Guidelines - Mechanical Ventilation.html in Resources */,
				13E3C49D2396C6BD001C3F08 /* Adult - Clinical Practice - Cardiogenic Shock.html in Resources */,
				13BF742F22B6647B00145035 /* Podfile in Resources */,
				138F07D324E44A9D00410D0D /* MinionPro-BoldCnCapt.otf in Resources */,
				138F080524E44BDF00410D0D /* FrutigerLTStd-Italic.otf in Resources */,
				138F07BF24E44A9D00410D0D /* MinionPro-MediumCnSubh.otf in Resources */,
				138F07F524E44A9D00410D0D /* MinionPro-CnDisp.otf in Resources */,
				138F07D224E44A9D00410D0D /* MinionPro-SemiboldCnIt.otf in Resources */,
				13E3C4A92399FAAF001C3F08 /* Adult - Clinical Practice - Sepsis.html in Resources */,
				138F07BC24E44A9D00410D0D /* MinionPro-MediumSubh.otf in Resources */,
				1368DA822385609C003A7144 /* Adult - Clinical Practice - Asthma.html in Resources */,
				13F4A423239ECED4004F6D38 /* preamble_loc.png in Resources */,
				13E3C48B2392B815001C3F08 /* adult_airway_post_checklist.png in Resources */,
				138F07D424E44A9D00410D0D /* MinionPro-CnItCapt.otf in Resources */,
				138F07CB24E44A9D00410D0D /* MinionPro-SemiboldCnSubh.otf in Resources */,
				138F07DF24E44A9D00410D0D /* MinionPro-BoldCnItDisp.otf in Resources */,
				13E3C4A7239964FF001C3F08 /* Adult - Clinical Practice - Trauma.html in Resources */,
				138F07D524E44A9D00410D0D /* MinionPro-BoldDisp.otf in Resources */,
				138F07D724E44A9D00410D0D /* MinionPro-BoldCn.otf in Resources */,
				1309D7C1228CC9F3005F8D40 /* DrugLibrary.json in Resources */,
				138F07F224E44A9D00410D0D /* MinionPro-MediumItCapt.otf in Resources */,
				138F07DE24E44A9D00410D0D /* MinionPro-SemiboldCnItSubh.otf in Resources */,
				138F080B24E44FE400410D0D /* FrutigerLTStd-CnBold.otf in Resources */,
				139BF3E522849C7500D25766 /* LaunchScreen.storyboard in Resources */,
				13E3C4A32398B5D4001C3F08 /* Adult - Clinical Practice - Stroke.html in Resources */,
				138F07BB24E44A9D00410D0D /* MinionPro-BoldCnSubh.otf in Resources */,
				1368DA6E23833455003A7144 /* Executive Airway Summary.html in Resources */,
				132F1BE2230D953E0071ADFF /* TODO List in Resources */,
				138F07DC24E44A9D00410D0D /* MinionPro-MediumCn.otf in Resources */,
				13F4A42E239ED370004F6D38 /* Structure of Medical Directive.html in Resources */,
				138F07D124E44A9D00410D0D /* MinionPro-MediumCapt.otf in Resources */,
				13E3C4AB239C03F6001C3F08 /* Adult - Clinical Practice - Obstetrics.html in Resources */,
				138F07CA24E44A9D00410D0D /* MinionPro-CnSubh.otf in Resources */,
				13E3C49B2396C49B001C3F08 /* Adult - Clinical Practice - STEMI.html in Resources */,
				138F07D024E44A9D00410D0D /* MinionPro-Disp.otf in Resources */,
				138F07CD24E44A9D00410D0D /* MinionPro-ItDisp.otf in Resources */,
				138F07C324E44A9D00410D0D /* MinionPro-SemiboldCnCapt.otf in Resources */,
				138F07FA24E44A9D00410D0D /* MinionPro-SemiboldCnItCapt.otf in Resources */,
				13E3C4A5239964F8001C3F08 /* Adult - Clinical Practice - SCI.html in Resources */,
				138F07F924E44A9D00410D0D /* MinionPro-Subh.otf in Resources */,
				138F07ED24E44A9D00410D0D /* MinionPro-SemiboldCapt.otf in Resources */,
				138F07D924E44A9D00410D0D /* MinionPro-SemiboldItCapt.otf in Resources */,
				138F07CE24E44A9D00410D0D /* MinionPro-MediumCnItDisp.otf in Resources */,
				13F4A42D239ED370004F6D38 /* Preamble.html in Resources */,
				138F07C824E44A9D00410D0D /* MinionPro-BoldCnItSubh.otf in Resources */,
				13E3C48F2392BD0D001C3F08 /* Adult - Clinical Practice - Epoprostenol.html in Resources */,
				13C7BDDD228C36D900D33B76 /* MedicalDirectiveView.xib in Resources */,
				138F07E324E44A9D00410D0D /* MinionPro-BoldCnDisp.otf in Resources */,
				13E3C49523932A96001C3F08 /* adult_sedation_score.png in Resources */,
				138F080324E44BDF00410D0D /* FrutigerLTStd-Black.otf in Resources */,
				138F07FB24E44A9D00410D0D /* MinionPro-SemiboldIt.otf in Resources */,
				138F07E124E44A9D00410D0D /* MinionPro-Regular.otf in Resources */,
				138F07DD24E44A9D00410D0D /* MinionPro-Cn.otf in Resources */,
				13F4A42C239ED370004F6D38 /* Authorization.html in Resources */,
				138F07E924E44A9D00410D0D /* MinionPro-CnItDisp.otf in Resources */,
				138F07E524E44A9D00410D0D /* MinionPro-BoldItSubh.otf in Resources */,
				138F080624E44BDF00410D0D /* FrutigerLTStd-Roman.otf in Resources */,
				138F07F824E44A9D00410D0D /* MinionPro-SemiboldItSubh.otf in Resources */,
				138F07C024E44A9D00410D0D /* MinionPro-BoldCnIt.otf in Resources */,
				138F07E024E44A9D00410D0D /* MinionPro-Capt.otf in Resources */,
				138F07D824E44A9D00410D0D /* MinionPro-MediumCnCapt.otf in Resources */,
				138F07C124E44A9D00410D0D /* MinionPro-CnItSubh.otf in Resources */,
				138F07C924E44A9D00410D0D /* MinionPro-SemiboldCn.otf in Resources */,
				138F07F624E44A9D00410D0D /* MinionPro-ItSubh.otf in Resources */,
				138F07F724E44A9D00410D0D /* MinionPro-MediumCnItSubh.otf in Resources */,
				13E3C48D2392B815001C3F08 /* adult_airway_checklist.png in Resources */,
				13F4A430239F44E9004F6D38 /* preamble_sbarr.png in Resources */,
				138F07E224E44A9D00410D0D /* MinionPro-Semibold.otf in Resources */,
				1346EAE323AE7D9200992D6A /* preamble_signatures.png in Resources */,
				138F07E624E44A9D00410D0D /* MinionPro-MediumDisp.otf in Resources */,
				138F07DA24E44A9D00410D0D /* MinionPro-ItCapt.otf in Resources */,
				13E3C49423932A96001C3F08 /* adult_pain_score_chart.png in Resources */,
				13E3C48A2392B815001C3F08 /* adult_airway_patient_positioning.png in Resources */,
				138F07C524E44A9D00410D0D /* MinionPro-SemiboldCnItDisp.otf in Resources */,
				138F07C724E44A9D00410D0D /* MinionPro-MediumIt.otf in Resources */,
				138F07CC24E44A9D00410D0D /* MinionPro-SemiboldItDisp.otf in Resources */,
				138F07EF24E44A9D00410D0D /* MinionPro-MediumCnIt.otf in Resources */,
				13F4A48023A5CE0C004F6D38 /* Ped - Clinical Practice - Pain.html in Resources */,
				138F07E424E44A9D00410D0D /* MinionPro-SemiboldSubh.otf in Resources */,
				138F07F424E44A9D00410D0D /* MinionPro-SemiboldCnDisp.otf in Resources */,
				138F07EA24E44A9D00410D0D /* MinionPro-BoldCapt.otf in Resources */,
				138F07BE24E44A9D00410D0D /* MinionPro-BoldItDisp.otf in Resources */,
				131894CE234E0BCB00DC307D /* MixingCalculatorView.xib in Resources */,
				138F07F024E44A9D00410D0D /* MinionPro-Medium.otf in Resources */,
				138F07EC24E44A9D00410D0D /* MinionPro-BoldItCapt.otf in Resources */,
				138F07C424E44A9D00410D0D /* MinionPro-It.otf in Resources */,
				139BF3E022849C7400D25766 /* Main.storyboard in Resources */,
				138F07E824E44A9D00410D0D /* MinionPro-MediumItSubh.otf in Resources */,
				13E3C48C2392B815001C3F08 /* adult_airway_team_positioning.png in Resources */,
				13F4A421239ECED4004F6D38 /* preamble_patch_point.png in Resources */,
				138F07EB24E44A9D00410D0D /* MinionPro-BoldIt.otf in Resources */,
				138F07E724E44A9D00410D0D /* MinionPro-MediumCnDisp.otf in Resources */,
				138F07CF24E44A9D00410D0D /* MinionPro-BoldCnItCapt.otf in Resources */,
				138F07D624E44A9D00410D0D /* MinionPro-Bold.otf in Resources */,
				138F07C624E44A9D00410D0D /* MinionPro-CnIt.otf in Resources */,
			);
			runOnlyForDeploymentPostprocessing = 0;
		};
/* End PBXResourcesBuildPhase section */

/* Begin PBXShellScriptBuildPhase section */
		1F1D8B15379EDFF535FD08B6 /* [CP] Embed Pods Frameworks */ = {
			isa = PBXShellScriptBuildPhase;
			buildActionMask = 2147483647;
			files = (
			);
			inputFileListPaths = (
				"${PODS_ROOT}/Target Support Files/Pods-Ornge/Pods-Ornge-frameworks-${CONFIGURATION}-input-files.xcfilelist",
			);
			name = "[CP] Embed Pods Frameworks";
			outputFileListPaths = (
				"${PODS_ROOT}/Target Support Files/Pods-Ornge/Pods-Ornge-frameworks-${CONFIGURATION}-output-files.xcfilelist",
			);
			runOnlyForDeploymentPostprocessing = 0;
			shellPath = /bin/sh;
			shellScript = "\"${PODS_ROOT}/Target Support Files/Pods-Ornge/Pods-Ornge-frameworks.sh\"\n";
			showEnvVarsInLog = 0;
		};
		709BE00B97FD81545D1AFED3 /* [CP] Check Pods Manifest.lock */ = {
			isa = PBXShellScriptBuildPhase;
			buildActionMask = 2147483647;
			files = (
			);
			inputFileListPaths = (
			);
			inputPaths = (
				"${PODS_PODFILE_DIR_PATH}/Podfile.lock",
				"${PODS_ROOT}/Manifest.lock",
			);
			name = "[CP] Check Pods Manifest.lock";
			outputFileListPaths = (
			);
			outputPaths = (
				"$(DERIVED_FILE_DIR)/Pods-Ornge-checkManifestLockResult.txt",
			);
			runOnlyForDeploymentPostprocessing = 0;
			shellPath = /bin/sh;
			shellScript = "diff \"${PODS_PODFILE_DIR_PATH}/Podfile.lock\" \"${PODS_ROOT}/Manifest.lock\" > /dev/null\nif [ $? != 0 ] ; then\n    # print error to STDERR\n    echo \"error: The sandbox is not in sync with the Podfile.lock. Run 'pod install' or update your CocoaPods installation.\" >&2\n    exit 1\nfi\n# This output is used by Xcode 'outputs' to avoid re-running this script phase.\necho \"SUCCESS\" > \"${SCRIPT_OUTPUT_FILE_0}\"\n";
			showEnvVarsInLog = 0;
		};
/* End PBXShellScriptBuildPhase section */

/* Begin PBXSourcesBuildPhase section */
		139BF3D322849C7400D25766 /* Sources */ = {
			isa = PBXSourcesBuildPhase;
			buildActionMask = 2147483647;
			files = (
				13EE697E232159C900A5131A /* UIBezierPathExtension.swift in Sources */,
				1309D7BF228CC584005F8D40 /* DrugMonographViewController.swift in Sources */,
				13FBD463241FB079002AD350 /* PopoverViewController.swift in Sources */,
				13FBD43B241E78B6002AD350 /* String.swift in Sources */,
				1344B2FE229100EC00E08C63 /* DirectiveFlowChartViewController.swift in Sources */,
				13FBD441241EA821002AD350 /* CheckBoxButton.swift in Sources */,
				1368DA86238C2F13003A7144 /* PaddingLabel.swift in Sources */,
				134789FC23257AA20081E865 /* FlowChart.swift in Sources */,
				13E3C49F23974691001C3F08 /* DrugTableViewController.swift in Sources */,
				13DBB9C322B802B300E4CE11 /* Menus.swift in Sources */,
				13C662EC22AD4F0300FB9A63 /* Pages.swift in Sources */,
				135C05C8228A1EA500F7B6CF /* MedicalDirectiveViewController.swift in Sources */,
				13EE697C2321554200A5131A /* FlowChartViewController.swift in Sources */,
				13DBB9BF22B674C400E4CE11 /* MixingCalculatorView.swift in Sources */,
				13FBD437241D08B2002AD350 /* DocumentTableViewController.swift in Sources */,
				13FBD4352416D15A002AD350 /* MedicalDirectiveTabViewController.swift in Sources */,
				13C3C30722ECAADE002F5344 /* EditNotesTableViewController.swift in Sources */,
				13F4A47C23A35923004F6D38 /* Double.swift in Sources */,
				13069D4022EB52AA00AA8F24 /* TreatmentCardButton.swift in Sources */,
				13FBD4332416CBEB002AD350 /* DrugTabViewController.swift in Sources */,
				13C7BDDC228C36D900D33B76 /* MedicalDirectiveView.swift in Sources */,
				1368DA6B238332FC003A7144 /* WebViewController.swift in Sources */,
				131B96B322D8B4AB00D9A64F /* UIStackViewExtension.swift in Sources */,
				13069D3E22EB48FA00AA8F24 /* DataModel.xcdatamodeld in Sources */,
				13C3C30922EF355E002F5344 /* DrugCalculatorViewController.swift in Sources */,
				13C662EE22AEB09800FB9A63 /* MedicalDirective.swift in Sources */,
				13FBD439241D0D95002AD350 /* Document.swift in Sources */,
				131142A62285ECA100BD65C0 /* DataManager.swift in Sources */,
				138F077524E413C700410D0D /* UIFont.swift in Sources */,
				13C662F622B3FD6400FB9A63 /* VentToolViewController.swift in Sources */,
				13F4447E235DEA1E004F87E0 /* DrugMenuTableViewController.swift in Sources */,
				13478A02232747F80081E865 /* String+HTML.swift in Sources */,
				13DBB9C122B8029A00E4CE11 /* SettingsViewController.swift in Sources */,
				13C662EA22AD4EA200FB9A63 /* Drugs.swift in Sources */,
				131B96C122E0FD2700D9A64F /* ClosedRangeExtension.swift in Sources */,
				139BF3DD22849C7400D25766 /* MenuViewController.swift in Sources */,
				1354E91E23DB297A00897B61 /* DisclaimerViewController.swift in Sources */,
				1380D49C2421234D00E88644 /* DocumentTableLayout.swift in Sources */,
				139BF3DB22849C7400D25766 /* AppDelegate.swift in Sources */,
				13E3C4A12397F743001C3F08 /* UIView.swift in Sources */,
				13EE697A232154C100A5131A /* ContentPageTabBarController.swift in Sources */,
				13F4447C235D4168004F87E0 /* YSiteCompatibilityViewController.swift in Sources */,
				13F4A45723A1726F004F6D38 /* UITapGestureRecognizer.swift in Sources */,
				13C7BDE0228C6C0400D33B76 /* UIColorExtension.swift in Sources */,
			);
			runOnlyForDeploymentPostprocessing = 0;
		};
/* End PBXSourcesBuildPhase section */

/* Begin PBXVariantGroup section */
		139BF3DE22849C7400D25766 /* Main.storyboard */ = {
			isa = PBXVariantGroup;
			children = (
				139BF3DF22849C7400D25766 /* Base */,
			);
			name = Main.storyboard;
			sourceTree = "<group>";
		};
		139BF3E322849C7500D25766 /* LaunchScreen.storyboard */ = {
			isa = PBXVariantGroup;
			children = (
				139BF3E422849C7500D25766 /* Base */,
			);
			name = LaunchScreen.storyboard;
			sourceTree = "<group>";
		};
/* End PBXVariantGroup section */

/* Begin XCBuildConfiguration section */
		139BF3E722849C7500D25766 /* Debug */ = {
			isa = XCBuildConfiguration;
			buildSettings = {
				ALWAYS_SEARCH_USER_PATHS = NO;
				CLANG_ANALYZER_NONNULL = YES;
				CLANG_ANALYZER_NUMBER_OBJECT_CONVERSION = YES_AGGRESSIVE;
				CLANG_CXX_LANGUAGE_STANDARD = "gnu++14";
				CLANG_CXX_LIBRARY = "libc++";
				CLANG_ENABLE_MODULES = YES;
				CLANG_ENABLE_OBJC_ARC = YES;
				CLANG_ENABLE_OBJC_WEAK = YES;
				CLANG_WARN_BLOCK_CAPTURE_AUTORELEASING = YES;
				CLANG_WARN_BOOL_CONVERSION = YES;
				CLANG_WARN_COMMA = YES;
				CLANG_WARN_CONSTANT_CONVERSION = YES;
				CLANG_WARN_DEPRECATED_OBJC_IMPLEMENTATIONS = YES;
				CLANG_WARN_DIRECT_OBJC_ISA_USAGE = YES_ERROR;
				CLANG_WARN_DOCUMENTATION_COMMENTS = YES;
				CLANG_WARN_EMPTY_BODY = YES;
				CLANG_WARN_ENUM_CONVERSION = YES;
				CLANG_WARN_INFINITE_RECURSION = YES;
				CLANG_WARN_INT_CONVERSION = YES;
				CLANG_WARN_NON_LITERAL_NULL_CONVERSION = YES;
				CLANG_WARN_OBJC_IMPLICIT_RETAIN_SELF = YES;
				CLANG_WARN_OBJC_LITERAL_CONVERSION = YES;
				CLANG_WARN_OBJC_ROOT_CLASS = YES_ERROR;
				CLANG_WARN_RANGE_LOOP_ANALYSIS = YES;
				CLANG_WARN_STRICT_PROTOTYPES = YES;
				CLANG_WARN_SUSPICIOUS_MOVE = YES;
				CLANG_WARN_UNGUARDED_AVAILABILITY = YES_AGGRESSIVE;
				CLANG_WARN_UNREACHABLE_CODE = YES;
				CLANG_WARN__DUPLICATE_METHOD_MATCH = YES;
				CODE_SIGN_IDENTITY = "iPhone Developer";
				COPY_PHASE_STRIP = NO;
				DEBUG_INFORMATION_FORMAT = dwarf;
				ENABLE_STRICT_OBJC_MSGSEND = YES;
				ENABLE_TESTABILITY = YES;
				GCC_C_LANGUAGE_STANDARD = gnu11;
				GCC_DYNAMIC_NO_PIC = NO;
				GCC_NO_COMMON_BLOCKS = YES;
				GCC_OPTIMIZATION_LEVEL = 0;
				GCC_PREPROCESSOR_DEFINITIONS = (
					"DEBUG=1",
					"$(inherited)",
				);
				GCC_WARN_64_TO_32_BIT_CONVERSION = YES;
				GCC_WARN_ABOUT_RETURN_TYPE = YES_ERROR;
				GCC_WARN_UNDECLARED_SELECTOR = YES;
				GCC_WARN_UNINITIALIZED_AUTOS = YES_AGGRESSIVE;
				GCC_WARN_UNUSED_FUNCTION = YES;
				GCC_WARN_UNUSED_VARIABLE = YES;
				IPHONEOS_DEPLOYMENT_TARGET = 12.2;
				MTL_ENABLE_DEBUG_INFO = INCLUDE_SOURCE;
				MTL_FAST_MATH = YES;
				ONLY_ACTIVE_ARCH = YES;
				SDKROOT = iphoneos;
				SWIFT_ACTIVE_COMPILATION_CONDITIONS = DEBUG;
				SWIFT_OPTIMIZATION_LEVEL = "-Onone";
			};
			name = Debug;
		};
		139BF3E822849C7500D25766 /* Release */ = {
			isa = XCBuildConfiguration;
			buildSettings = {
				ALWAYS_SEARCH_USER_PATHS = NO;
				CLANG_ANALYZER_NONNULL = YES;
				CLANG_ANALYZER_NUMBER_OBJECT_CONVERSION = YES_AGGRESSIVE;
				CLANG_CXX_LANGUAGE_STANDARD = "gnu++14";
				CLANG_CXX_LIBRARY = "libc++";
				CLANG_ENABLE_MODULES = YES;
				CLANG_ENABLE_OBJC_ARC = YES;
				CLANG_ENABLE_OBJC_WEAK = YES;
				CLANG_WARN_BLOCK_CAPTURE_AUTORELEASING = YES;
				CLANG_WARN_BOOL_CONVERSION = YES;
				CLANG_WARN_COMMA = YES;
				CLANG_WARN_CONSTANT_CONVERSION = YES;
				CLANG_WARN_DEPRECATED_OBJC_IMPLEMENTATIONS = YES;
				CLANG_WARN_DIRECT_OBJC_ISA_USAGE = YES_ERROR;
				CLANG_WARN_DOCUMENTATION_COMMENTS = YES;
				CLANG_WARN_EMPTY_BODY = YES;
				CLANG_WARN_ENUM_CONVERSION = YES;
				CLANG_WARN_INFINITE_RECURSION = YES;
				CLANG_WARN_INT_CONVERSION = YES;
				CLANG_WARN_NON_LITERAL_NULL_CONVERSION = YES;
				CLANG_WARN_OBJC_IMPLICIT_RETAIN_SELF = YES;
				CLANG_WARN_OBJC_LITERAL_CONVERSION = YES;
				CLANG_WARN_OBJC_ROOT_CLASS = YES_ERROR;
				CLANG_WARN_RANGE_LOOP_ANALYSIS = YES;
				CLANG_WARN_STRICT_PROTOTYPES = YES;
				CLANG_WARN_SUSPICIOUS_MOVE = YES;
				CLANG_WARN_UNGUARDED_AVAILABILITY = YES_AGGRESSIVE;
				CLANG_WARN_UNREACHABLE_CODE = YES;
				CLANG_WARN__DUPLICATE_METHOD_MATCH = YES;
				CODE_SIGN_IDENTITY = "iPhone Developer";
				COPY_PHASE_STRIP = NO;
				DEBUG_INFORMATION_FORMAT = "dwarf-with-dsym";
				ENABLE_NS_ASSERTIONS = NO;
				ENABLE_STRICT_OBJC_MSGSEND = YES;
				GCC_C_LANGUAGE_STANDARD = gnu11;
				GCC_NO_COMMON_BLOCKS = YES;
				GCC_WARN_64_TO_32_BIT_CONVERSION = YES;
				GCC_WARN_ABOUT_RETURN_TYPE = YES_ERROR;
				GCC_WARN_UNDECLARED_SELECTOR = YES;
				GCC_WARN_UNINITIALIZED_AUTOS = YES_AGGRESSIVE;
				GCC_WARN_UNUSED_FUNCTION = YES;
				GCC_WARN_UNUSED_VARIABLE = YES;
				IPHONEOS_DEPLOYMENT_TARGET = 12.2;
				MTL_ENABLE_DEBUG_INFO = NO;
				MTL_FAST_MATH = YES;
				SDKROOT = iphoneos;
				SWIFT_COMPILATION_MODE = wholemodule;
				SWIFT_OPTIMIZATION_LEVEL = "-O";
				VALIDATE_PRODUCT = YES;
			};
			name = Release;
		};
		139BF3EA22849C7500D25766 /* Debug */ = {
			isa = XCBuildConfiguration;
			baseConfigurationReference = 9167FC5984E504BE25C11D5A /* Pods-Ornge.debug.xcconfig */;
			buildSettings = {
				ASSETCATALOG_COMPILER_APPICON_NAME = AppIcon;
				CODE_SIGN_STYLE = Automatic;
				CURRENT_PROJECT_VERSION = 1;
				DEVELOPMENT_TEAM = 72B3P2ME3P;
				INFOPLIST_FILE = MedicMind/Info.plist;
				IPHONEOS_DEPLOYMENT_TARGET = 13.0;
				LD_RUNPATH_SEARCH_PATHS = (
					"$(inherited)",
					"@executable_path/Frameworks",
				);
				MARKETING_VERSION = 1.2;
				PRODUCT_BUNDLE_IDENTIFIER = ca.ornge.medicaldirectives;
				PRODUCT_NAME = "$(TARGET_NAME)";
				SWIFT_VERSION = 5.0;
				TARGETED_DEVICE_FAMILY = "1,2";
			};
			name = Debug;
		};
		139BF3EB22849C7500D25766 /* Release */ = {
			isa = XCBuildConfiguration;
			baseConfigurationReference = 9B8BDF348D4CA2FF0B894A29 /* Pods-Ornge.release.xcconfig */;
			buildSettings = {
				ASSETCATALOG_COMPILER_APPICON_NAME = AppIcon;
				CODE_SIGN_STYLE = Automatic;
				CURRENT_PROJECT_VERSION = 1;
				DEVELOPMENT_TEAM = 72B3P2ME3P;
				INFOPLIST_FILE = MedicMind/Info.plist;
				IPHONEOS_DEPLOYMENT_TARGET = 13.0;
				LD_RUNPATH_SEARCH_PATHS = (
					"$(inherited)",
					"@executable_path/Frameworks",
				);
				MARKETING_VERSION = 1.2;
				PRODUCT_BUNDLE_IDENTIFIER = ca.ornge.medicaldirectives;
				PRODUCT_NAME = "$(TARGET_NAME)";
				SWIFT_VERSION = 5.0;
				TARGETED_DEVICE_FAMILY = "1,2";
			};
			name = Release;
		};
/* End XCBuildConfiguration section */

/* Begin XCConfigurationList section */
		139BF3D222849C7400D25766 /* Build configuration list for PBXProject "Ornge" */ = {
			isa = XCConfigurationList;
			buildConfigurations = (
				139BF3E722849C7500D25766 /* Debug */,
				139BF3E822849C7500D25766 /* Release */,
			);
			defaultConfigurationIsVisible = 0;
			defaultConfigurationName = Release;
		};
		139BF3E922849C7500D25766 /* Build configuration list for PBXNativeTarget "Ornge" */ = {
			isa = XCConfigurationList;
			buildConfigurations = (
				139BF3EA22849C7500D25766 /* Debug */,
				139BF3EB22849C7500D25766 /* Release */,
			);
			defaultConfigurationIsVisible = 0;
			defaultConfigurationName = Release;
		};
/* End XCConfigurationList section */

/* Begin XCVersionGroup section */
		13069D3C22EB48FA00AA8F24 /* DataModel.xcdatamodeld */ = {
			isa = XCVersionGroup;
			children = (
				13069D3D22EB48FA00AA8F24 /* DataModel.xcdatamodel */,
			);
			currentVersion = 13069D3D22EB48FA00AA8F24 /* DataModel.xcdatamodel */;
			path = DataModel.xcdatamodeld;
			sourceTree = "<group>";
			versionGroupType = wrapper.xcdatamodel;
		};
/* End XCVersionGroup section */
	};
	rootObject = 139BF3CF22849C7400D25766 /* Project object */;
}
