// !$*UTF8*$!
{
	archiveVersion = 1;
	classes = {
	};
	objectVersion = 50;
	objects = {

/* Begin PBXBuildFile section */
		1309D7BF228CC584005F8D40 /* DrugMonographViewController.swift in Sources */ = {isa = PBXBuildFile; fileRef = 1309D7BE228CC584005F8D40 /* DrugMonographViewController.swift */; };
		1309D7C1228CC9F3005F8D40 /* DrugLibrary.json in Resources */ = {isa = PBXBuildFile; fileRef = 1309D7C0228CC9F3005F8D40 /* DrugLibrary.json */; };
		131142A62285ECA100BD65C0 /* DataManager.swift in Sources */ = {isa = PBXBuildFile; fileRef = 131142A52285ECA100BD65C0 /* DataManager.swift */; };
		1344B2FE229100EC00E08C63 /* DirectiveFlowChartViewController.swift in Sources */ = {isa = PBXBuildFile; fileRef = 1344B2FD229100EC00E08C63 /* DirectiveFlowChartViewController.swift */; };
		1344B302229627F400E08C63 /* MedicalDirectives.json in Resources */ = {isa = PBXBuildFile; fileRef = 1344B301229627F400E08C63 /* MedicalDirectives.json */; };
		135C05C32288938800F7B6CF /* MenuData.json in Resources */ = {isa = PBXBuildFile; fileRef = 135C05C22288938800F7B6CF /* MenuData.json */; };
		135C05C8228A1EA500F7B6CF /* MedicalDirectiveViewController.swift in Sources */ = {isa = PBXBuildFile; fileRef = 135C05C7228A1EA500F7B6CF /* MedicalDirectiveViewController.swift */; };
		139BF3DB22849C7400D25766 /* AppDelegate.swift in Sources */ = {isa = PBXBuildFile; fileRef = 139BF3DA22849C7400D25766 /* AppDelegate.swift */; };
		139BF3DD22849C7400D25766 /* MenuViewController.swift in Sources */ = {isa = PBXBuildFile; fileRef = 139BF3DC22849C7400D25766 /* MenuViewController.swift */; };
		139BF3E022849C7400D25766 /* Main.storyboard in Resources */ = {isa = PBXBuildFile; fileRef = 139BF3DE22849C7400D25766 /* Main.storyboard */; };
		139BF3E222849C7500D25766 /* Assets.xcassets in Resources */ = {isa = PBXBuildFile; fileRef = 139BF3E122849C7500D25766 /* Assets.xcassets */; };
		139BF3E522849C7500D25766 /* LaunchScreen.storyboard in Resources */ = {isa = PBXBuildFile; fileRef = 139BF3E322849C7500D25766 /* LaunchScreen.storyboard */; };
		13C7BDDC228C36D900D33B76 /* MedicalDirectiveView.swift in Sources */ = {isa = PBXBuildFile; fileRef = 13C7BDDA228C36D900D33B76 /* MedicalDirectiveView.swift */; };
		13C7BDDD228C36D900D33B76 /* MedicalDirectiveView.xib in Resources */ = {isa = PBXBuildFile; fileRef = 13C7BDDB228C36D900D33B76 /* MedicalDirectiveView.xib */; };
		13C7BDE0228C6C0400D33B76 /* UIColorExtension.swift in Sources */ = {isa = PBXBuildFile; fileRef = 13C7BDDF228C6C0400D33B76 /* UIColorExtension.swift */; };
/* End PBXBuildFile section */

/* Begin PBXFileReference section */
		1309D7BE228CC584005F8D40 /* DrugMonographViewController.swift */ = {isa = PBXFileReference; lastKnownFileType = sourcecode.swift; path = DrugMonographViewController.swift; sourceTree = "<group>"; };
		1309D7C0228CC9F3005F8D40 /* DrugLibrary.json */ = {isa = PBXFileReference; lastKnownFileType = text.json; path = DrugLibrary.json; sourceTree = "<group>"; };
		131142A52285ECA100BD65C0 /* DataManager.swift */ = {isa = PBXFileReference; lastKnownFileType = sourcecode.swift; path = DataManager.swift; sourceTree = "<group>"; };
		1344B2FD229100EC00E08C63 /* DirectiveFlowChartViewController.swift */ = {isa = PBXFileReference; lastKnownFileType = sourcecode.swift; path = DirectiveFlowChartViewController.swift; sourceTree = "<group>"; };
		1344B301229627F400E08C63 /* MedicalDirectives.json */ = {isa = PBXFileReference; lastKnownFileType = text.json; path = MedicalDirectives.json; sourceTree = "<group>"; };
		135C05C22288938800F7B6CF /* MenuData.json */ = {isa = PBXFileReference; lastKnownFileType = text.json; path = MenuData.json; sourceTree = "<group>"; };
		135C05C7228A1EA500F7B6CF /* MedicalDirectiveViewController.swift */ = {isa = PBXFileReference; lastKnownFileType = sourcecode.swift; path = MedicalDirectiveViewController.swift; sourceTree = "<group>"; };
		139BF3D722849C7400D25766 /* MedicMind.app */ = {isa = PBXFileReference; explicitFileType = wrapper.application; includeInIndex = 0; path = MedicMind.app; sourceTree = BUILT_PRODUCTS_DIR; };
		139BF3DA22849C7400D25766 /* AppDelegate.swift */ = {isa = PBXFileReference; lastKnownFileType = sourcecode.swift; path = AppDelegate.swift; sourceTree = "<group>"; };
		139BF3DC22849C7400D25766 /* MenuViewController.swift */ = {isa = PBXFileReference; lastKnownFileType = sourcecode.swift; path = MenuViewController.swift; sourceTree = "<group>"; };
		139BF3DF22849C7400D25766 /* Base */ = {isa = PBXFileReference; lastKnownFileType = file.storyboard; name = Base; path = Base.lproj/Main.storyboard; sourceTree = "<group>"; };
		139BF3E122849C7500D25766 /* Assets.xcassets */ = {isa = PBXFileReference; lastKnownFileType = folder.assetcatalog; path = Assets.xcassets; sourceTree = "<group>"; };
		139BF3E422849C7500D25766 /* Base */ = {isa = PBXFileReference; lastKnownFileType = file.storyboard; name = Base; path = Base.lproj/LaunchScreen.storyboard; sourceTree = "<group>"; };
		139BF3E622849C7500D25766 /* Info.plist */ = {isa = PBXFileReference; lastKnownFileType = text.plist.xml; path = Info.plist; sourceTree = "<group>"; };
		13C7BDDA228C36D900D33B76 /* MedicalDirectiveView.swift */ = {isa = PBXFileReference; fileEncoding = 4; lastKnownFileType = sourcecode.swift; path = MedicalDirectiveView.swift; sourceTree = "<group>"; };
		13C7BDDB228C36D900D33B76 /* MedicalDirectiveView.xib */ = {isa = PBXFileReference; fileEncoding = 4; lastKnownFileType = file.xib; path = MedicalDirectiveView.xib; sourceTree = "<group>"; };
		13C7BDDF228C6C0400D33B76 /* UIColorExtension.swift */ = {isa = PBXFileReference; lastKnownFileType = sourcecode.swift; path = UIColorExtension.swift; sourceTree = "<group>"; };
/* End PBXFileReference section */

/* Begin PBXFrameworksBuildPhase section */
		139BF3D422849C7400D25766 /* Frameworks */ = {
			isa = PBXFrameworksBuildPhase;
			buildActionMask = 2147483647;
			files = (
			);
			runOnlyForDeploymentPostprocessing = 0;
		};
/* End PBXFrameworksBuildPhase section */

/* Begin PBXGroup section */
		1311429C2285BD5900BD65C0 /* Views */ = {
			isa = PBXGroup;
			children = (
				139BF3DE22849C7400D25766 /* Main.storyboard */,
			);
			path = Views;
			sourceTree = "<group>";
		};
		1311429D2285BD6300BD65C0 /* Controllers */ = {
			isa = PBXGroup;
			children = (
				139BF3DC22849C7400D25766 /* MenuViewController.swift */,
				135C05C7228A1EA500F7B6CF /* MedicalDirectiveViewController.swift */,
				1309D7BE228CC584005F8D40 /* DrugMonographViewController.swift */,
				1344B2FD229100EC00E08C63 /* DirectiveFlowChartViewController.swift */,
			);
			path = Controllers;
			sourceTree = "<group>";
		};
		1311429E2285BD6A00BD65C0 /* Supporting Files */ = {
			isa = PBXGroup;
			children = (
				139BF3E122849C7500D25766 /* Assets.xcassets */,
				139BF3E322849C7500D25766 /* LaunchScreen.storyboard */,
			);
			path = "Supporting Files";
			sourceTree = "<group>";
		};
		1311429F2285BD8600BD65C0 /* Data Model */ = {
			isa = PBXGroup;
			children = (
				131142A52285ECA100BD65C0 /* DataManager.swift */,
				135C05C22288938800F7B6CF /* MenuData.json */,
				1309D7C0228CC9F3005F8D40 /* DrugLibrary.json */,
				1344B301229627F400E08C63 /* MedicalDirectives.json */,
			);
			path = "Data Model";
			sourceTree = "<group>";
		};
		139BF3CE22849C7400D25766 = {
			isa = PBXGroup;
			children = (
				139BF3D922849C7400D25766 /* MedicMind */,
				139BF3D822849C7400D25766 /* Products */,
			);
			sourceTree = "<group>";
		};
		139BF3D822849C7400D25766 /* Products */ = {
			isa = PBXGroup;
			children = (
				139BF3D722849C7400D25766 /* MedicMind.app */,
			);
			name = Products;
			sourceTree = "<group>";
		};
		139BF3D922849C7400D25766 /* MedicMind */ = {
			isa = PBXGroup;
			children = (
				139BF3DA22849C7400D25766 /* AppDelegate.swift */,
				1311429D2285BD6300BD65C0 /* Controllers */,
				1311429F2285BD8600BD65C0 /* Data Model */,
				1311429C2285BD5900BD65C0 /* Views */,
				1311429E2285BD6A00BD65C0 /* Supporting Files */,
				139BF3E622849C7500D25766 /* Info.plist */,
				13C7BDDE228C36DE00D33B76 /* Subviews */,
				13C7BDE1228C6C1800D33B76 /* Extensions */,
			);
			path = MedicMind;
			sourceTree = "<group>";
		};
		13C7BDDE228C36DE00D33B76 /* Subviews */ = {
			isa = PBXGroup;
			children = (
				13C7BDDA228C36D900D33B76 /* MedicalDirectiveView.swift */,
				13C7BDDB228C36D900D33B76 /* MedicalDirectiveView.xib */,
			);
			path = Subviews;
			sourceTree = "<group>";
		};
		13C7BDE1228C6C1800D33B76 /* Extensions */ = {
			isa = PBXGroup;
			children = (
				13C7BDDF228C6C0400D33B76 /* UIColorExtension.swift */,
			);
			path = Extensions;
			sourceTree = "<group>";
		};
/* End PBXGroup section */

/* Begin PBXNativeTarget section */
		139BF3D622849C7400D25766 /* MedicMind */ = {
			isa = PBXNativeTarget;
			buildConfigurationList = 139BF3E922849C7500D25766 /* Build configuration list for PBXNativeTarget "MedicMind" */;
			buildPhases = (
				139BF3D322849C7400D25766 /* Sources */,
				139BF3D422849C7400D25766 /* Frameworks */,
				139BF3D522849C7400D25766 /* Resources */,
			);
			buildRules = (
			);
			dependencies = (
			);
			name = MedicMind;
			productName = MedicMind;
			productReference = 139BF3D722849C7400D25766 /* MedicMind.app */;
			productType = "com.apple.product-type.application";
		};
/* End PBXNativeTarget section */

/* Begin PBXProject section */
		139BF3CF22849C7400D25766 /* Project object */ = {
			isa = PBXProject;
			attributes = {
				LastSwiftUpdateCheck = 1020;
				LastUpgradeCheck = 1020;
				ORGANIZATIONNAME = "Charles Trickey";
				TargetAttributes = {
					139BF3D622849C7400D25766 = {
						CreatedOnToolsVersion = 10.2.1;
					};
				};
			};
			buildConfigurationList = 139BF3D222849C7400D25766 /* Build configuration list for PBXProject "MedicMind" */;
			compatibilityVersion = "Xcode 9.3";
			developmentRegion = en;
			hasScannedForEncodings = 0;
			knownRegions = (
				en,
				Base,
			);
			mainGroup = 139BF3CE22849C7400D25766;
			productRefGroup = 139BF3D822849C7400D25766 /* Products */;
			projectDirPath = "";
			projectRoot = "";
			targets = (
				139BF3D622849C7400D25766 /* MedicMind */,
			);
		};
/* End PBXProject section */

/* Begin PBXResourcesBuildPhase section */
		139BF3D522849C7400D25766 /* Resources */ = {
			isa = PBXResourcesBuildPhase;
			buildActionMask = 2147483647;
			files = (
				135C05C32288938800F7B6CF /* MenuData.json in Resources */,
				1344B302229627F400E08C63 /* MedicalDirectives.json in Resources */,
				1309D7C1228CC9F3005F8D40 /* DrugLibrary.json in Resources */,
				139BF3E522849C7500D25766 /* LaunchScreen.storyboard in Resources */,
				139BF3E222849C7500D25766 /* Assets.xcassets in Resources */,
				13C7BDDD228C36D900D33B76 /* MedicalDirectiveView.xib in Resources */,
				139BF3E022849C7400D25766 /* Main.storyboard in Resources */,
			);
			runOnlyForDeploymentPostprocessing = 0;
		};
/* End PBXResourcesBuildPhase section */

/* Begin PBXSourcesBuildPhase section */
		139BF3D322849C7400D25766 /* Sources */ = {
			isa = PBXSourcesBuildPhase;
			buildActionMask = 2147483647;
			files = (
				1309D7BF228CC584005F8D40 /* DrugMonographViewController.swift in Sources */,
				1344B2FE229100EC00E08C63 /* DirectiveFlowChartViewController.swift in Sources */,
				135C05C8228A1EA500F7B6CF /* MedicalDirectiveViewController.swift in Sources */,
				13C7BDDC228C36D900D33B76 /* MedicalDirectiveView.swift in Sources */,
				131142A62285ECA100BD65C0 /* DataManager.swift in Sources */,
				139BF3DD22849C7400D25766 /* MenuViewController.swift in Sources */,
				139BF3DB22849C7400D25766 /* AppDelegate.swift in Sources */,
				13C7BDE0228C6C0400D33B76 /* UIColorExtension.swift in Sources */,
			);
			runOnlyForDeploymentPostprocessing = 0;
		};
/* End PBXSourcesBuildPhase section */

/* Begin PBXVariantGroup section */
		139BF3DE22849C7400D25766 /* Main.storyboard */ = {
			isa = PBXVariantGroup;
			children = (
				139BF3DF22849C7400D25766 /* Base */,
			);
			name = Main.storyboard;
			sourceTree = "<group>";
		};
		139BF3E322849C7500D25766 /* LaunchScreen.storyboard */ = {
			isa = PBXVariantGroup;
			children = (
				139BF3E422849C7500D25766 /* Base */,
			);
			name = LaunchScreen.storyboard;
			sourceTree = "<group>";
		};
/* End PBXVariantGroup section */

/* Begin XCBuildConfiguration section */
		139BF3E722849C7500D25766 /* Debug */ = {
			isa = XCBuildConfiguration;
			buildSettings = {
				ALWAYS_SEARCH_USER_PATHS = NO;
				CLANG_ANALYZER_NONNULL = YES;
				CLANG_ANALYZER_NUMBER_OBJECT_CONVERSION = YES_AGGRESSIVE;
				CLANG_CXX_LANGUAGE_STANDARD = "gnu++14";
				CLANG_CXX_LIBRARY = "libc++";
				CLANG_ENABLE_MODULES = YES;
				CLANG_ENABLE_OBJC_ARC = YES;
				CLANG_ENABLE_OBJC_WEAK = YES;
				CLANG_WARN_BLOCK_CAPTURE_AUTORELEASING = YES;
				CLANG_WARN_BOOL_CONVERSION = YES;
				CLANG_WARN_COMMA = YES;
				CLANG_WARN_CONSTANT_CONVERSION = YES;
				CLANG_WARN_DEPRECATED_OBJC_IMPLEMENTATIONS = YES;
				CLANG_WARN_DIRECT_OBJC_ISA_USAGE = YES_ERROR;
				CLANG_WARN_DOCUMENTATION_COMMENTS = YES;
				CLANG_WARN_EMPTY_BODY = YES;
				CLANG_WARN_ENUM_CONVERSION = YES;
				CLANG_WARN_INFINITE_RECURSION = YES;
				CLANG_WARN_INT_CONVERSION = YES;
				CLANG_WARN_NON_LITERAL_NULL_CONVERSION = YES;
				CLANG_WARN_OBJC_IMPLICIT_RETAIN_SELF = YES;
				CLANG_WARN_OBJC_LITERAL_CONVERSION = YES;
				CLANG_WARN_OBJC_ROOT_CLASS = YES_ERROR;
				CLANG_WARN_RANGE_LOOP_ANALYSIS = YES;
				CLANG_WARN_STRICT_PROTOTYPES = YES;
				CLANG_WARN_SUSPICIOUS_MOVE = YES;
				CLANG_WARN_UNGUARDED_AVAILABILITY = YES_AGGRESSIVE;
				CLANG_WARN_UNREACHABLE_CODE = YES;
				CLANG_WARN__DUPLICATE_METHOD_MATCH = YES;
				CODE_SIGN_IDENTITY = "iPhone Developer";
				COPY_PHASE_STRIP = NO;
				DEBUG_INFORMATION_FORMAT = dwarf;
				ENABLE_STRICT_OBJC_MSGSEND = YES;
				ENABLE_TESTABILITY = YES;
				GCC_C_LANGUAGE_STANDARD = gnu11;
				GCC_DYNAMIC_NO_PIC = NO;
				GCC_NO_COMMON_BLOCKS = YES;
				GCC_OPTIMIZATION_LEVEL = 0;
				GCC_PREPROCESSOR_DEFINITIONS = (
					"DEBUG=1",
					"$(inherited)",
				);
				GCC_WARN_64_TO_32_BIT_CONVERSION = YES;
				GCC_WARN_ABOUT_RETURN_TYPE = YES_ERROR;
				GCC_WARN_UNDECLARED_SELECTOR = YES;
				GCC_WARN_UNINITIALIZED_AUTOS = YES_AGGRESSIVE;
				GCC_WARN_UNUSED_FUNCTION = YES;
				GCC_WARN_UNUSED_VARIABLE = YES;
				IPHONEOS_DEPLOYMENT_TARGET = 12.2;
				MTL_ENABLE_DEBUG_INFO = INCLUDE_SOURCE;
				MTL_FAST_MATH = YES;
				ONLY_ACTIVE_ARCH = YES;
				SDKROOT = iphoneos;
				SWIFT_ACTIVE_COMPILATION_CONDITIONS = DEBUG;
				SWIFT_OPTIMIZATION_LEVEL = "-Onone";
			};
			name = Debug;
		};
		139BF3E822849C7500D25766 /* Release */ = {
			isa = XCBuildConfiguration;
			buildSettings = {
				ALWAYS_SEARCH_USER_PATHS = NO;
				CLANG_ANALYZER_NONNULL = YES;
				CLANG_ANALYZER_NUMBER_OBJECT_CONVERSION = YES_AGGRESSIVE;
				CLANG_CXX_LANGUAGE_STANDARD = "gnu++14";
				CLANG_CXX_LIBRARY = "libc++";
				CLANG_ENABLE_MODULES = YES;
				CLANG_ENABLE_OBJC_ARC = YES;
				CLANG_ENABLE_OBJC_WEAK = YES;
				CLANG_WARN_BLOCK_CAPTURE_AUTORELEASING = YES;
				CLANG_WARN_BOOL_CONVERSION = YES;
				CLANG_WARN_COMMA = YES;
				CLANG_WARN_CONSTANT_CONVERSION = YES;
				CLANG_WARN_DEPRECATED_OBJC_IMPLEMENTATIONS = YES;
				CLANG_WARN_DIRECT_OBJC_ISA_USAGE = YES_ERROR;
				CLANG_WARN_DOCUMENTATION_COMMENTS = YES;
				CLANG_WARN_EMPTY_BODY = YES;
				CLANG_WARN_ENUM_CONVERSION = YES;
				CLANG_WARN_INFINITE_RECURSION = YES;
				CLANG_WARN_INT_CONVERSION = YES;
				CLANG_WARN_NON_LITERAL_NULL_CONVERSION = YES;
				CLANG_WARN_OBJC_IMPLICIT_RETAIN_SELF = YES;
				CLANG_WARN_OBJC_LITERAL_CONVERSION = YES;
				CLANG_WARN_OBJC_ROOT_CLASS = YES_ERROR;
				CLANG_WARN_RANGE_LOOP_ANALYSIS = YES;
				CLANG_WARN_STRICT_PROTOTYPES = YES;
				CLANG_WARN_SUSPICIOUS_MOVE = YES;
				CLANG_WARN_UNGUARDED_AVAILABILITY = YES_AGGRESSIVE;
				CLANG_WARN_UNREACHABLE_CODE = YES;
				CLANG_WARN__DUPLICATE_METHOD_MATCH = YES;
				CODE_SIGN_IDENTITY = "iPhone Developer";
				COPY_PHASE_STRIP = NO;
				DEBUG_INFORMATION_FORMAT = "dwarf-with-dsym";
				ENABLE_NS_ASSERTIONS = NO;
				ENABLE_STRICT_OBJC_MSGSEND = YES;
				GCC_C_LANGUAGE_STANDARD = gnu11;
				GCC_NO_COMMON_BLOCKS = YES;
				GCC_WARN_64_TO_32_BIT_CONVERSION = YES;
				GCC_WARN_ABOUT_RETURN_TYPE = YES_ERROR;
				GCC_WARN_UNDECLARED_SELECTOR = YES;
				GCC_WARN_UNINITIALIZED_AUTOS = YES_AGGRESSIVE;
				GCC_WARN_UNUSED_FUNCTION = YES;
				GCC_WARN_UNUSED_VARIABLE = YES;
				IPHONEOS_DEPLOYMENT_TARGET = 12.2;
				MTL_ENABLE_DEBUG_INFO = NO;
				MTL_FAST_MATH = YES;
				SDKROOT = iphoneos;
				SWIFT_COMPILATION_MODE = wholemodule;
				SWIFT_OPTIMIZATION_LEVEL = "-O";
				VALIDATE_PRODUCT = YES;
			};
			name = Release;
		};
		139BF3EA22849C7500D25766 /* Debug */ = {
			isa = XCBuildConfiguration;
			buildSettings = {
				ASSETCATALOG_COMPILER_APPICON_NAME = AppIcon;
				CODE_SIGN_STYLE = Automatic;
				DEVELOPMENT_TEAM = CZQT565P8U;
				INFOPLIST_FILE = MedicMind/Info.plist;
				LD_RUNPATH_SEARCH_PATHS = (
					"$(inherited)",
					"@executable_path/Frameworks",
				);
				PRODUCT_BUNDLE_IDENTIFIER = com.sunstorm.MedicMind;
				PRODUCT_NAME = "$(TARGET_NAME)";
				SWIFT_VERSION = 5.0;
				TARGETED_DEVICE_FAMILY = 1;
			};
			name = Debug;
		};
		139BF3EB22849C7500D25766 /* Release */ = {
			isa = XCBuildConfiguration;
			buildSettings = {
				ASSETCATALOG_COMPILER_APPICON_NAME = AppIcon;
				CODE_SIGN_STYLE = Automatic;
				DEVELOPMENT_TEAM = CZQT565P8U;
				INFOPLIST_FILE = MedicMind/Info.plist;
				LD_RUNPATH_SEARCH_PATHS = (
					"$(inherited)",
					"@executable_path/Frameworks",
				);
				PRODUCT_BUNDLE_IDENTIFIER = com.sunstorm.MedicMind;
				PRODUCT_NAME = "$(TARGET_NAME)";
				SWIFT_VERSION = 5.0;
				TARGETED_DEVICE_FAMILY = 1;
			};
			name = Release;
		};
/* End XCBuildConfiguration section */

/* Begin XCConfigurationList section */
		139BF3D222849C7400D25766 /* Build configuration list for PBXProject "MedicMind" */ = {
			isa = XCConfigurationList;
			buildConfigurations = (
				139BF3E722849C7500D25766 /* Debug */,
				139BF3E822849C7500D25766 /* Release */,
			);
			defaultConfigurationIsVisible = 0;
			defaultConfigurationName = Release;
		};
		139BF3E922849C7500D25766 /* Build configuration list for PBXNativeTarget "MedicMind" */ = {
			isa = XCConfigurationList;
			buildConfigurations = (
				139BF3EA22849C7500D25766 /* Debug */,
				139BF3EB22849C7500D25766 /* Release */,
			);
			defaultConfigurationIsVisible = 0;
			defaultConfigurationName = Release;
		};
/* End XCConfigurationList section */
	};
	rootObject = 139BF3CF22849C7400D25766 /* Project object */;
}
